// !$*UTF8*$!
{
	archiveVersion = 1;
	classes = {
	};
	objectVersion = 56;
	objects = {

/* Begin PBXBuildFile section */
		468D8C4F2D5647A100977849 /* desafio07App.swift in Sources */ = {isa = PBXBuildFile; fileRef = 468D8C4E2D5647A100977849 /* desafio07App.swift */; };
		468D8C512D5647A100977849 /* ContentView.swift in Sources */ = {isa = PBXBuildFile; fileRef = 468D8C502D5647A100977849 /* ContentView.swift */; };
		468D8C532D5647A300977849 /* Assets.xcassets in Resources */ = {isa = PBXBuildFile; fileRef = 468D8C522D5647A300977849 /* Assets.xcassets */; };
		468D8C562D5647A300977849 /* Preview Assets.xcassets in Resources */ = {isa = PBXBuildFile; fileRef = 468D8C552D5647A300977849 /* Preview Assets.xcassets */; };
		468D8C602D5647A300977849 /* desafio07Tests.swift in Sources */ = {isa = PBXBuildFile; fileRef = 468D8C5F2D5647A300977849 /* desafio07Tests.swift */; };
		468D8C6A2D5647A300977849 /* desafio07UITests.swift in Sources */ = {isa = PBXBuildFile; fileRef = 468D8C692D5647A300977849 /* desafio07UITests.swift */; };
		468D8C6C2D5647A300977849 /* desafio07UITestsLaunchTests.swift in Sources */ = {isa = PBXBuildFile; fileRef = 468D8C6B2D5647A300977849 /* desafio07UITestsLaunchTests.swift */; };
		468D8C872D564EDB00977849 /* logo.png in Resources */ = {isa = PBXBuildFile; fileRef = 468D8C862D564EDB00977849 /* logo.png */; };
		468D8C892D564EF300977849 /* truck.png in Resources */ = {isa = PBXBuildFile; fileRef = 468D8C882D564EF300977849 /* truck.png */; };
		468D8C8D2D56565500977849 /* Captura de Tela 2023-01-18 às 22.59.48.png in Resources */ = {isa = PBXBuildFile; fileRef = 468D8C8C2D56565500977849 /* Captura de Tela 2023-01-18 às 22.59.48.png */; };
/* End PBXBuildFile section */

/* Begin PBXContainerItemProxy section */
		468D8C5C2D5647A300977849 /* PBXContainerItemProxy */ = {
			isa = PBXContainerItemProxy;
			containerPortal = 468D8C432D5647A100977849 /* Project object */;
			proxyType = 1;
			remoteGlobalIDString = 468D8C4A2D5647A100977849;
			remoteInfo = desafio07;
		};
		468D8C662D5647A300977849 /* PBXContainerItemProxy */ = {
			isa = PBXContainerItemProxy;
			containerPortal = 468D8C432D5647A100977849 /* Project object */;
			proxyType = 1;
			remoteGlobalIDString = 468D8C4A2D5647A100977849;
			remoteInfo = desafio07;
		};
		468D8C7E2D56482100977849 /* PBXContainerItemProxy */ = {
			isa = PBXContainerItemProxy;
			containerPortal = 468D8C782D56482100977849 /* Desafio1.xcodeproj */;
			proxyType = 2;
			remoteGlobalIDString = 46F5615D2D54DE2100323E4A;
			remoteInfo = Desafio1;
		};
		468D8C802D56482100977849 /* PBXContainerItemProxy */ = {
			isa = PBXContainerItemProxy;
			containerPortal = 468D8C782D56482100977849 /* Desafio1.xcodeproj */;
			proxyType = 2;
			remoteGlobalIDString = 46F5616E2D54DE2300323E4A;
			remoteInfo = Desafio1Tests;
		};
		468D8C822D56482100977849 /* PBXContainerItemProxy */ = {
			isa = PBXContainerItemProxy;
			containerPortal = 468D8C782D56482100977849 /* Desafio1.xcodeproj */;
			proxyType = 2;
			remoteGlobalIDString = 46F561782D54DE2300323E4A;
			remoteInfo = Desafio1UITests;
		};
/* End PBXContainerItemProxy section */

/* Begin PBXFileReference section */
		468D8C4B2D5647A100977849 /* desafio07.app */ = {isa = PBXFileReference; explicitFileType = wrapper.application; includeInIndex = 0; path = desafio07.app; sourceTree = BUILT_PRODUCTS_DIR; };
		468D8C4E2D5647A100977849 /* desafio07App.swift */ = {isa = PBXFileReference; lastKnownFileType = sourcecode.swift; path = desafio07App.swift; sourceTree = "<group>"; };
		468D8C502D5647A100977849 /* ContentView.swift */ = {isa = PBXFileReference; lastKnownFileType = sourcecode.swift; path = ContentView.swift; sourceTree = "<group>"; };
		468D8C522D5647A300977849 /* Assets.xcassets */ = {isa = PBXFileReference; lastKnownFileType = folder.assetcatalog; path = Assets.xcassets; sourceTree = "<group>"; };
		468D8C552D5647A300977849 /* Preview Assets.xcassets */ = {isa = PBXFileReference; lastKnownFileType = folder.assetcatalog; path = "Preview Assets.xcassets"; sourceTree = "<group>"; };
		468D8C5B2D5647A300977849 /* desafio07Tests.xctest */ = {isa = PBXFileReference; explicitFileType = wrapper.cfbundle; includeInIndex = 0; path = desafio07Tests.xctest; sourceTree = BUILT_PRODUCTS_DIR; };
		468D8C5F2D5647A300977849 /* desafio07Tests.swift */ = {isa = PBXFileReference; lastKnownFileType = sourcecode.swift; path = desafio07Tests.swift; sourceTree = "<group>"; };
		468D8C652D5647A300977849 /* desafio07UITests.xctest */ = {isa = PBXFileReference; explicitFileType = wrapper.cfbundle; includeInIndex = 0; path = desafio07UITests.xctest; sourceTree = BUILT_PRODUCTS_DIR; };
		468D8C692D5647A300977849 /* desafio07UITests.swift */ = {isa = PBXFileReference; lastKnownFileType = sourcecode.swift; path = desafio07UITests.swift; sourceTree = "<group>"; };
		468D8C6B2D5647A300977849 /* desafio07UITestsLaunchTests.swift */ = {isa = PBXFileReference; lastKnownFileType = sourcecode.swift; path = desafio07UITestsLaunchTests.swift; sourceTree = "<group>"; };
		468D8C782D56482100977849 /* Desafio1.xcodeproj */ = {isa = PBXFileReference; lastKnownFileType = "wrapper.pb-project"; name = Desafio1.xcodeproj; path = ../../Desafio1.xcodeproj; sourceTree = "<group>"; };
		468D8C862D564EDB00977849 /* logo.png */ = {isa = PBXFileReference; lastKnownFileType = image.png; name = logo.png; path = ../../../../Downloads/Imagens_Caminhao/logo.png; sourceTree = "<group>"; };
		468D8C882D564EF300977849 /* truck.png */ = {isa = PBXFileReference; lastKnownFileType = image.png; name = truck.png; path = ../../../../Downloads/Imagens_Caminhao/truck.png; sourceTree = "<group>"; };
		468D8C8C2D56565500977849 /* Captura de Tela 2023-01-18 às 22.59.48.png */ = {isa = PBXFileReference; lastKnownFileType = image.png; name = "Captura de Tela 2023-01-18 às 22.59.48.png"; path = "../../../../Downloads/Imagens_Caminhao 2/Captura de Tela 2023-01-18 às 22.59.48.png"; sourceTree = "<group>"; };
/* End PBXFileReference section */

/* Begin PBXFrameworksBuildPhase section */
		468D8C482D5647A100977849 /* Frameworks */ = {
			isa = PBXFrameworksBuildPhase;
			buildActionMask = 2147483647;
			files = (
			);
			runOnlyForDeploymentPostprocessing = 0;
		};
		468D8C582D5647A300977849 /* Frameworks */ = {
			isa = PBXFrameworksBuildPhase;
			buildActionMask = 2147483647;
			files = (
			);
			runOnlyForDeploymentPostprocessing = 0;
		};
		468D8C622D5647A300977849 /* Frameworks */ = {
			isa = PBXFrameworksBuildPhase;
			buildActionMask = 2147483647;
			files = (
			);
			runOnlyForDeploymentPostprocessing = 0;
		};
/* End PBXFrameworksBuildPhase section */

/* Begin PBXGroup section */
		468D8C422D5647A100977849 = {
			isa = PBXGroup;
			children = (
				468D8C4D2D5647A100977849 /* desafio07 */,
				468D8C5E2D5647A300977849 /* desafio07Tests */,
				468D8C682D5647A300977849 /* desafio07UITests */,
				468D8C4C2D5647A100977849 /* Products */,
			);
			sourceTree = "<group>";
		};
		468D8C4C2D5647A100977849 /* Products */ = {
			isa = PBXGroup;
			children = (
				468D8C4B2D5647A100977849 /* desafio07.app */,
				468D8C5B2D5647A300977849 /* desafio07Tests.xctest */,
				468D8C652D5647A300977849 /* desafio07UITests.xctest */,
			);
			name = Products;
			sourceTree = "<group>";
		};
		468D8C4D2D5647A100977849 /* desafio07 */ = {
			isa = PBXGroup;
			children = (
				468D8C4E2D5647A100977849 /* desafio07App.swift */,
				468D8C502D5647A100977849 /* ContentView.swift */,
				468D8C522D5647A300977849 /* Assets.xcassets */,
				468D8C8C2D56565500977849 /* Captura de Tela 2023-01-18 às 22.59.48.png */,
				468D8C882D564EF300977849 /* truck.png */,
				468D8C862D564EDB00977849 /* logo.png */,
				468D8C782D56482100977849 /* Desafio1.xcodeproj */,
				468D8C542D5647A300977849 /* Preview Content */,
			);
			path = desafio07;
			sourceTree = "<group>";
		};
		468D8C542D5647A300977849 /* Preview Content */ = {
			isa = PBXGroup;
			children = (
				468D8C552D5647A300977849 /* Preview Assets.xcassets */,
			);
			path = "Preview Content";
			sourceTree = "<group>";
		};
		468D8C5E2D5647A300977849 /* desafio07Tests */ = {
			isa = PBXGroup;
			children = (
				468D8C5F2D5647A300977849 /* desafio07Tests.swift */,
			);
			path = desafio07Tests;
			sourceTree = "<group>";
		};
		468D8C682D5647A300977849 /* desafio07UITests */ = {
			isa = PBXGroup;
			children = (
				468D8C692D5647A300977849 /* desafio07UITests.swift */,
				468D8C6B2D5647A300977849 /* desafio07UITestsLaunchTests.swift */,
			);
			path = desafio07UITests;
			sourceTree = "<group>";
		};
		468D8C792D56482100977849 /* Products */ = {
			isa = PBXGroup;
			children = (
				468D8C7F2D56482100977849 /* Desafio1.app */,
				468D8C812D56482100977849 /* Desafio1Tests.xctest */,
				468D8C832D56482100977849 /* Desafio1UITests.xctest */,
			);
			name = Products;
			sourceTree = "<group>";
		};
/* End PBXGroup section */

/* Begin PBXNativeTarget section */
		468D8C4A2D5647A100977849 /* desafio07 */ = {
			isa = PBXNativeTarget;
			buildConfigurationList = 468D8C6F2D5647A300977849 /* Build configuration list for PBXNativeTarget "desafio07" */;
			buildPhases = (
				468D8C472D5647A100977849 /* Sources */,
				468D8C482D5647A100977849 /* Frameworks */,
				468D8C492D5647A100977849 /* Resources */,
			);
			buildRules = (
			);
			dependencies = (
			);
			name = desafio07;
			productName = desafio07;
			productReference = 468D8C4B2D5647A100977849 /* desafio07.app */;
			productType = "com.apple.product-type.application";
		};
		468D8C5A2D5647A300977849 /* desafio07Tests */ = {
			isa = PBXNativeTarget;
			buildConfigurationList = 468D8C722D5647A300977849 /* Build configuration list for PBXNativeTarget "desafio07Tests" */;
			buildPhases = (
				468D8C572D5647A300977849 /* Sources */,
				468D8C582D5647A300977849 /* Frameworks */,
				468D8C592D5647A300977849 /* Resources */,
			);
			buildRules = (
			);
			dependencies = (
				468D8C5D2D5647A300977849 /* PBXTargetDependency */,
			);
			name = desafio07Tests;
			productName = desafio07Tests;
			productReference = 468D8C5B2D5647A300977849 /* desafio07Tests.xctest */;
			productType = "com.apple.product-type.bundle.unit-test";
		};
		468D8C642D5647A300977849 /* desafio07UITests */ = {
			isa = PBXNativeTarget;
			buildConfigurationList = 468D8C752D5647A300977849 /* Build configuration list for PBXNativeTarget "desafio07UITests" */;
			buildPhases = (
				468D8C612D5647A300977849 /* Sources */,
				468D8C622D5647A300977849 /* Frameworks */,
				468D8C632D5647A300977849 /* Resources */,
			);
			buildRules = (
			);
			dependencies = (
				468D8C672D5647A300977849 /* PBXTargetDependency */,
			);
			name = desafio07UITests;
			productName = desafio07UITests;
			productReference = 468D8C652D5647A300977849 /* desafio07UITests.xctest */;
			productType = "com.apple.product-type.bundle.ui-testing";
		};
/* End PBXNativeTarget section */

/* Begin PBXProject section */
		468D8C432D5647A100977849 /* Project object */ = {
			isa = PBXProject;
			attributes = {
				BuildIndependentTargetsInParallel = 1;
				LastSwiftUpdateCheck = 1540;
				LastUpgradeCheck = 1540;
				TargetAttributes = {
					468D8C4A2D5647A100977849 = {
						CreatedOnToolsVersion = 15.4;
					};
					468D8C5A2D5647A300977849 = {
						CreatedOnToolsVersion = 15.4;
						TestTargetID = 468D8C4A2D5647A100977849;
					};
					468D8C642D5647A300977849 = {
						CreatedOnToolsVersion = 15.4;
						TestTargetID = 468D8C4A2D5647A100977849;
					};
				};
			};
			buildConfigurationList = 468D8C462D5647A100977849 /* Build configuration list for PBXProject "desafio07" */;
			compatibilityVersion = "Xcode 14.0";
			developmentRegion = en;
			hasScannedForEncodings = 0;
			knownRegions = (
				en,
				Base,
			);
			mainGroup = 468D8C422D5647A100977849;
			productRefGroup = 468D8C4C2D5647A100977849 /* Products */;
			projectDirPath = "";
			projectReferences = (
				{
					ProductGroup = 468D8C792D56482100977849 /* Products */;
					ProjectRef = 468D8C782D56482100977849 /* Desafio1.xcodeproj */;
				},
			);
			projectRoot = "";
			targets = (
				468D8C4A2D5647A100977849 /* desafio07 */,
				468D8C5A2D5647A300977849 /* desafio07Tests */,
				468D8C642D5647A300977849 /* desafio07UITests */,
			);
		};
/* End PBXProject section */

/* Begin PBXReferenceProxy section */
		468D8C7F2D56482100977849 /* Desafio1.app */ = {
			isa = PBXReferenceProxy;
			fileType = wrapper.application;
			path = Desafio1.app;
			remoteRef = 468D8C7E2D56482100977849 /* PBXContainerItemProxy */;
			sourceTree = BUILT_PRODUCTS_DIR;
		};
		468D8C812D56482100977849 /* Desafio1Tests.xctest */ = {
			isa = PBXReferenceProxy;
			fileType = wrapper.cfbundle;
			path = Desafio1Tests.xctest;
			remoteRef = 468D8C802D56482100977849 /* PBXContainerItemProxy */;
			sourceTree = BUILT_PRODUCTS_DIR;
		};
		468D8C832D56482100977849 /* Desafio1UITests.xctest */ = {
			isa = PBXReferenceProxy;
			fileType = wrapper.cfbundle;
			path = Desafio1UITests.xctest;
			remoteRef = 468D8C822D56482100977849 /* PBXContainerItemProxy */;
			sourceTree = BUILT_PRODUCTS_DIR;
		};
/* End PBXReferenceProxy section */

/* Begin PBXResourcesBuildPhase section */
		468D8C492D5647A100977849 /* Resources */ = {
			isa = PBXResourcesBuildPhase;
			buildActionMask = 2147483647;
			files = (
				468D8C872D564EDB00977849 /* logo.png in Resources */,
				468D8C892D564EF300977849 /* truck.png in Resources */,
				468D8C562D5647A300977849 /* Preview Assets.xcassets in Resources */,
				468D8C8D2D56565500977849 /* Captura de Tela 2023-01-18 às 22.59.48.png in Resources */,
				468D8C532D5647A300977849 /* Assets.xcassets in Resources */,
			);
			runOnlyForDeploymentPostprocessing = 0;
		};
		468D8C592D5647A300977849 /* Resources */ = {
			isa = PBXResourcesBuildPhase;
			buildActionMask = 2147483647;
			files = (
			);
			runOnlyForDeploymentPostprocessing = 0;
		};
		468D8C632D5647A300977849 /* Resources */ = {
			isa = PBXResourcesBuildPhase;
			buildActionMask = 2147483647;
			files = (
			);
			runOnlyForDeploymentPostprocessing = 0;
		};
/* End PBXResourcesBuildPhase section */

/* Begin PBXSourcesBuildPhase section */
		468D8C472D5647A100977849 /* Sources */ = {
			isa = PBXSourcesBuildPhase;
			buildActionMask = 2147483647;
			files = (
				468D8C512D5647A100977849 /* ContentView.swift in Sources */,
				468D8C4F2D5647A100977849 /* desafio07App.swift in Sources */,
			);
			runOnlyForDeploymentPostprocessing = 0;
		};
		468D8C572D5647A300977849 /* Sources */ = {
			isa = PBXSourcesBuildPhase;
			buildActionMask = 2147483647;
			files = (
				468D8C602D5647A300977849 /* desafio07Tests.swift in Sources */,
			);
			runOnlyForDeploymentPostprocessing = 0;
		};
		468D8C612D5647A300977849 /* Sources */ = {
			isa = PBXSourcesBuildPhase;
			buildActionMask = 2147483647;
			files = (
				468D8C6A2D5647A300977849 /* desafio07UITests.swift in Sources */,
				468D8C6C2D5647A300977849 /* desafio07UITestsLaunchTests.swift in Sources */,
			);
			runOnlyForDeploymentPostprocessing = 0;
		};
/* End PBXSourcesBuildPhase section */

/* Begin PBXTargetDependency section */
		468D8C5D2D5647A300977849 /* PBXTargetDependency */ = {
			isa = PBXTargetDependency;
			target = 468D8C4A2D5647A100977849 /* desafio07 */;
			targetProxy = 468D8C5C2D5647A300977849 /* PBXContainerItemProxy */;
		};
		468D8C672D5647A300977849 /* PBXTargetDependency */ = {
			isa = PBXTargetDependency;
			target = 468D8C4A2D5647A100977849 /* desafio07 */;
			targetProxy = 468D8C662D5647A300977849 /* PBXContainerItemProxy */;
		};
/* End PBXTargetDependency section */

/* Begin XCBuildConfiguration section */
		468D8C6D2D5647A300977849 /* Debug */ = {
			isa = XCBuildConfiguration;
			buildSettings = {
				ALWAYS_SEARCH_USER_PATHS = NO;
				ASSETCATALOG_COMPILER_GENERATE_SWIFT_ASSET_SYMBOL_EXTENSIONS = YES;
				CLANG_ANALYZER_NONNULL = YES;
				CLANG_ANALYZER_NUMBER_OBJECT_CONVERSION = YES_AGGRESSIVE;
				CLANG_CXX_LANGUAGE_STANDARD = "gnu++20";
				CLANG_ENABLE_MODULES = YES;
				CLANG_ENABLE_OBJC_ARC = YES;
				CLANG_ENABLE_OBJC_WEAK = YES;
				CLANG_WARN_BLOCK_CAPTURE_AUTORELEASING = YES;
				CLANG_WARN_BOOL_CONVERSION = YES;
				CLANG_WARN_COMMA = YES;
				CLANG_WARN_CONSTANT_CONVERSION = YES;
				CLANG_WARN_DEPRECATED_OBJC_IMPLEMENTATIONS = YES;
				CLANG_WARN_DIRECT_OBJC_ISA_USAGE = YES_ERROR;
				CLANG_WARN_DOCUMENTATION_COMMENTS = YES;
				CLANG_WARN_EMPTY_BODY = YES;
				CLANG_WARN_ENUM_CONVERSION = YES;
				CLANG_WARN_INFINITE_RECURSION = YES;
				CLANG_WARN_INT_CONVERSION = YES;
				CLANG_WARN_NON_LITERAL_NULL_CONVERSION = YES;
				CLANG_WARN_OBJC_IMPLICIT_RETAIN_SELF = YES;
				CLANG_WARN_OBJC_LITERAL_CONVERSION = YES;
				CLANG_WARN_OBJC_ROOT_CLASS = YES_ERROR;
				CLANG_WARN_QUOTED_INCLUDE_IN_FRAMEWORK_HEADER = YES;
				CLANG_WARN_RANGE_LOOP_ANALYSIS = YES;
				CLANG_WARN_STRICT_PROTOTYPES = YES;
				CLANG_WARN_SUSPICIOUS_MOVE = YES;
				CLANG_WARN_UNGUARDED_AVAILABILITY = YES_AGGRESSIVE;
				CLANG_WARN_UNREACHABLE_CODE = YES;
				CLANG_WARN__DUPLICATE_METHOD_MATCH = YES;
				COPY_PHASE_STRIP = NO;
				DEBUG_INFORMATION_FORMAT = dwarf;
				ENABLE_STRICT_OBJC_MSGSEND = YES;
				ENABLE_TESTABILITY = YES;
				ENABLE_USER_SCRIPT_SANDBOXING = YES;
				GCC_C_LANGUAGE_STANDARD = gnu17;
				GCC_DYNAMIC_NO_PIC = NO;
				GCC_NO_COMMON_BLOCKS = YES;
				GCC_OPTIMIZATION_LEVEL = 0;
				GCC_PREPROCESSOR_DEFINITIONS = (
					"DEBUG=1",
					"$(inherited)",
				);
				GCC_WARN_64_TO_32_BIT_CONVERSION = YES;
				GCC_WARN_ABOUT_RETURN_TYPE = YES_ERROR;
				GCC_WARN_UNDECLARED_SELECTOR = YES;
				GCC_WARN_UNINITIALIZED_AUTOS = YES_AGGRESSIVE;
				GCC_WARN_UNUSED_FUNCTION = YES;
				GCC_WARN_UNUSED_VARIABLE = YES;
				IPHONEOS_DEPLOYMENT_TARGET = 17.5;
				LOCALIZATION_PREFERS_STRING_CATALOGS = YES;
				MTL_ENABLE_DEBUG_INFO = INCLUDE_SOURCE;
				MTL_FAST_MATH = YES;
				ONLY_ACTIVE_ARCH = YES;
				SDKROOT = iphoneos;
				SWIFT_ACTIVE_COMPILATION_CONDITIONS = "DEBUG $(inherited)";
				SWIFT_OPTIMIZATION_LEVEL = "-Onone";
			};
			name = Debug;
		};
		468D8C6E2D5647A300977849 /* Release */ = {
			isa = XCBuildConfiguration;
			buildSettings = {
				ALWAYS_SEARCH_USER_PATHS = NO;
				ASSETCATALOG_COMPILER_GENERATE_SWIFT_ASSET_SYMBOL_EXTENSIONS = YES;
				CLANG_ANALYZER_NONNULL = YES;
				CLANG_ANALYZER_NUMBER_OBJECT_CONVERSION = YES_AGGRESSIVE;
				CLANG_CXX_LANGUAGE_STANDARD = "gnu++20";
				CLANG_ENABLE_MODULES = YES;
				CLANG_ENABLE_OBJC_ARC = YES;
				CLANG_ENABLE_OBJC_WEAK = YES;
				CLANG_WARN_BLOCK_CAPTURE_AUTORELEASING = YES;
				CLANG_WARN_BOOL_CONVERSION = YES;
				CLANG_WARN_COMMA = YES;
				CLANG_WARN_CONSTANT_CONVERSION = YES;
				CLANG_WARN_DEPRECATED_OBJC_IMPLEMENTATIONS = YES;
				CLANG_WARN_DIRECT_OBJC_ISA_USAGE = YES_ERROR;
				CLANG_WARN_DOCUMENTATION_COMMENTS = YES;
				CLANG_WARN_EMPTY_BODY = YES;
				CLANG_WARN_ENUM_CONVERSION = YES;
				CLANG_WARN_INFINITE_RECURSION = YES;
				CLANG_WARN_INT_CONVERSION = YES;
				CLANG_WARN_NON_LITERAL_NULL_CONVERSION = YES;
				CLANG_WARN_OBJC_IMPLICIT_RETAIN_SELF = YES;
				CLANG_WARN_OBJC_LITERAL_CONVERSION = YES;
				CLANG_WARN_OBJC_ROOT_CLASS = YES_ERROR;
				CLANG_WARN_QUOTED_INCLUDE_IN_FRAMEWORK_HEADER = YES;
				CLANG_WARN_RANGE_LOOP_ANALYSIS = YES;
				CLANG_WARN_STRICT_PROTOTYPES = YES;
				CLANG_WARN_SUSPICIOUS_MOVE = YES;
				CLANG_WARN_UNGUARDED_AVAILABILITY = YES_AGGRESSIVE;
				CLANG_WARN_UNREACHABLE_CODE = YES;
				CLANG_WARN__DUPLICATE_METHOD_MATCH = YES;
				COPY_PHASE_STRIP = NO;
				DEBUG_INFORMATION_FORMAT = "dwarf-with-dsym";
				ENABLE_NS_ASSERTIONS = NO;
				ENABLE_STRICT_OBJC_MSGSEND = YES;
				ENABLE_USER_SCRIPT_SANDBOXING = YES;
				GCC_C_LANGUAGE_STANDARD = gnu17;
				GCC_NO_COMMON_BLOCKS = YES;
				GCC_WARN_64_TO_32_BIT_CONVERSION = YES;
				GCC_WARN_ABOUT_RETURN_TYPE = YES_ERROR;
				GCC_WARN_UNDECLARED_SELECTOR = YES;
				GCC_WARN_UNINITIALIZED_AUTOS = YES_AGGRESSIVE;
				GCC_WARN_UNUSED_FUNCTION = YES;
				GCC_WARN_UNUSED_VARIABLE = YES;
				IPHONEOS_DEPLOYMENT_TARGET = 17.5;
				LOCALIZATION_PREFERS_STRING_CATALOGS = YES;
				MTL_ENABLE_DEBUG_INFO = NO;
				MTL_FAST_MATH = YES;
				SDKROOT = iphoneos;
				SWIFT_COMPILATION_MODE = wholemodule;
				VALIDATE_PRODUCT = YES;
			};
			name = Release;
		};
		468D8C702D5647A300977849 /* Debug */ = {
			isa = XCBuildConfiguration;
			buildSettings = {
				ASSETCATALOG_COMPILER_APPICON_NAME = AppIcon;
				ASSETCATALOG_COMPILER_GLOBAL_ACCENT_COLOR_NAME = AccentColor;
				CODE_SIGN_STYLE = Automatic;
				CURRENT_PROJECT_VERSION = 1;
				DEVELOPMENT_ASSET_PATHS = "\"desafio07/Preview Content\"";
				ENABLE_PREVIEWS = YES;
				GENERATE_INFOPLIST_FILE = YES;
				INFOPLIST_KEY_UIApplicationSceneManifest_Generation = YES;
				INFOPLIST_KEY_UIApplicationSupportsIndirectInputEvents = YES;
				INFOPLIST_KEY_UILaunchScreen_Generation = YES;
				INFOPLIST_KEY_UISupportedInterfaceOrientations_iPad = "UIInterfaceOrientationPortrait UIInterfaceOrientationPortraitUpsideDown UIInterfaceOrientationLandscapeLeft UIInterfaceOrientationLandscapeRight";
				INFOPLIST_KEY_UISupportedInterfaceOrientations_iPhone = "UIInterfaceOrientationPortrait UIInterfaceOrientationLandscapeLeft UIInterfaceOrientationLandscapeRight";
				LD_RUNPATH_SEARCH_PATHS = (
					"$(inherited)",
					"@executable_path/Frameworks",
				);
				MARKETING_VERSION = 1.0;
				PRODUCT_BUNDLE_IDENTIFIER = victorgabrielbarbosa.desafio07;
				PRODUCT_NAME = "$(TARGET_NAME)";
				SWIFT_EMIT_LOC_STRINGS = YES;
				SWIFT_VERSION = 5.0;
				TARGETED_DEVICE_FAMILY = "1,2";
			};
			name = Debug;
		};
		468D8C712D5647A300977849 /* Release */ = {
			isa = XCBuildConfiguration;
			buildSettings = {
				ASSETCATALOG_COMPILER_APPICON_NAME = AppIcon;
				ASSETCATALOG_COMPILER_GLOBAL_ACCENT_COLOR_NAME = AccentColor;
				CODE_SIGN_STYLE = Automatic;
				CURRENT_PROJECT_VERSION = 1;
				DEVELOPMENT_ASSET_PATHS = "\"desafio07/Preview Content\"";
				ENABLE_PREVIEWS = YES;
				GENERATE_INFOPLIST_FILE = YES;
				INFOPLIST_KEY_UIApplicationSceneManifest_Generation = YES;
				INFOPLIST_KEY_UIApplicationSupportsIndirectInputEvents = YES;
				INFOPLIST_KEY_UILaunchScreen_Generation = YES;
				INFOPLIST_KEY_UISupportedInterfaceOrientations_iPad = "UIInterfaceOrientationPortrait UIInterfaceOrientationPortraitUpsideDown UIInterfaceOrientationLandscapeLeft UIInterfaceOrientationLandscapeRight";
				INFOPLIST_KEY_UISupportedInterfaceOrientations_iPhone = "UIInterfaceOrientationPortrait UIInterfaceOrientationLandscapeLeft UIInterfaceOrientationLandscapeRight";
				LD_RUNPATH_SEARCH_PATHS = (
					"$(inherited)",
					"@executable_path/Frameworks",
				);
				MARKETING_VERSION = 1.0;
				PRODUCT_BUNDLE_IDENTIFIER = victorgabrielbarbosa.desafio07;
				PRODUCT_NAME = "$(TARGET_NAME)";
				SWIFT_EMIT_LOC_STRINGS = YES;
				SWIFT_VERSION = 5.0;
				TARGETED_DEVICE_FAMILY = "1,2";
			};
			name = Release;
		};
		468D8C732D5647A300977849 /* Debug */ = {
			isa = XCBuildConfiguration;
			buildSettings = {
				ALWAYS_EMBED_SWIFT_STANDARD_LIBRARIES = YES;
				BUNDLE_LOADER = "$(TEST_HOST)";
				CODE_SIGN_STYLE = Automatic;
				CURRENT_PROJECT_VERSION = 1;
				GENERATE_INFOPLIST_FILE = YES;
				IPHONEOS_DEPLOYMENT_TARGET = 17.5;
				MARKETING_VERSION = 1.0;
				PRODUCT_BUNDLE_IDENTIFIER = victorgabrielbarbosa.desafio07Tests;
				PRODUCT_NAME = "$(TARGET_NAME)";
				SWIFT_EMIT_LOC_STRINGS = NO;
				SWIFT_VERSION = 5.0;
				TARGETED_DEVICE_FAMILY = "1,2";
				TEST_HOST = "$(BUILT_PRODUCTS_DIR)/desafio07.app/$(BUNDLE_EXECUTABLE_FOLDER_PATH)/desafio07";
			};
			name = Debug;
		};
		468D8C742D5647A300977849 /* Release */ = {
			isa = XCBuildConfiguration;
			buildSettings = {
				ALWAYS_EMBED_SWIFT_STANDARD_LIBRARIES = YES;
				BUNDLE_LOADER = "$(TEST_HOST)";
				CODE_SIGN_STYLE = Automatic;
				CURRENT_PROJECT_VERSION = 1;
				GENERATE_INFOPLIST_FILE = YES;
				IPHONEOS_DEPLOYMENT_TARGET = 17.5;
				MARKETING_VERSION = 1.0;
				PRODUCT_BUNDLE_IDENTIFIER = victorgabrielbarbosa.desafio07Tests;
				PRODUCT_NAME = "$(TARGET_NAME)";
				SWIFT_EMIT_LOC_STRINGS = NO;
				SWIFT_VERSION = 5.0;
				TARGETED_DEVICE_FAMILY = "1,2";
				TEST_HOST = "$(BUILT_PRODUCTS_DIR)/desafio07.app/$(BUNDLE_EXECUTABLE_FOLDER_PATH)/desafio07";
			};
			name = Release;
		};
		468D8C762D5647A300977849 /* Debug */ = {
			isa = XCBuildConfiguration;
			buildSettings = {
				ALWAYS_EMBED_SWIFT_STANDARD_LIBRARIES = YES;
				CODE_SIGN_STYLE = Automatic;
				CURRENT_PROJECT_VERSION = 1;
				GENERATE_INFOPLIST_FILE = YES;
				MARKETING_VERSION = 1.0;
				PRODUCT_BUNDLE_IDENTIFIER = victorgabrielbarbosa.desafio07UITests;
				PRODUCT_NAME = "$(TARGET_NAME)";
				SWIFT_EMIT_LOC_STRINGS = NO;
				SWIFT_VERSION = 5.0;
				TARGETED_DEVICE_FAMILY = "1,2";
				TEST_TARGET_NAME = desafio07;
			};
			name = Debug;
		};
		468D8C772D5647A300977849 /* Release */ = {
			isa = XCBuildConfiguration;
			buildSettings = {
				ALWAYS_EMBED_SWIFT_STANDARD_LIBRARIES = YES;
				CODE_SIGN_STYLE = Automatic;
				CURRENT_PROJECT_VERSION = 1;
				GENERATE_INFOPLIST_FILE = YES;
				MARKETING_VERSION = 1.0;
				PRODUCT_BUNDLE_IDENTIFIER = victorgabrielbarbosa.desafio07UITests;
				PRODUCT_NAME = "$(TARGET_NAME)";
				SWIFT_EMIT_LOC_STRINGS = NO;
				SWIFT_VERSION = 5.0;
				TARGETED_DEVICE_FAMILY = "1,2";
				TEST_TARGET_NAME = desafio07;
			};
			name = Release;
		};
/* End XCBuildConfiguration section */

/* Begin XCConfigurationList section */
		468D8C462D5647A100977849 /* Build configuration list for PBXProject "desafio07" */ = {
			isa = XCConfigurationList;
			buildConfigurations = (
				468D8C6D2D5647A300977849 /* Debug */,
				468D8C6E2D5647A300977849 /* Release */,
			);
			defaultConfigurationIsVisible = 0;
			defaultConfigurationName = Release;
		};
		468D8C6F2D5647A300977849 /* Build configuration list for PBXNativeTarget "desafio07" */ = {
			isa = XCConfigurationList;
			buildConfigurations = (
				468D8C702D5647A300977849 /* Debug */,
				468D8C712D5647A300977849 /* Release */,
			);
			defaultConfigurationIsVisible = 0;
			defaultConfigurationName = Release;
		};
		468D8C722D5647A300977849 /* Build configuration list for PBXNativeTarget "desafio07Tests" */ = {
			isa = XCConfigurationList;
			buildConfigurations = (
				468D8C732D5647A300977849 /* Debug */,
				468D8C742D5647A300977849 /* Release */,
			);
			defaultConfigurationIsVisible = 0;
			defaultConfigurationName = Release;
		};
		468D8C752D5647A300977849 /* Build configuration list for PBXNativeTarget "desafio07UITests" */ = {
			isa = XCConfigurationList;
			buildConfigurations = (
				468D8C762D5647A300977849 /* Debug */,
				468D8C772D5647A300977849 /* Release */,
			);
			defaultConfigurationIsVisible = 0;
			defaultConfigurationName = Release;
		};
/* End XCConfigurationList section */
	};
	rootObject = 468D8C432D5647A100977849 /* Project object */;
}
