// !$*UTF8*$!
{
	archiveVersion = 1;
	classes = {
	};
	objectVersion = 56;
	objects = {

/* Begin PBXBuildFile section */
		6169CDEF2D5A1FFA003A60E3 /* userInputApp.swift in Sources */ = {isa = PBXBuildFile; fileRef = 6169CDEE2D5A1FFA003A60E3 /* userInputApp.swift */; };
		6169CDF12D5A1FFA003A60E3 /* ContentView.swift in Sources */ = {isa = PBXBuildFile; fileRef = 6169CDF02D5A1FFA003A60E3 /* ContentView.swift */; };
		6169CDF32D5A1FFC003A60E3 /* Assets.xcassets in Resources */ = {isa = PBXBuildFile; fileRef = 6169CDF22D5A1FFC003A60E3 /* Assets.xcassets */; };
		6169CDF62D5A1FFC003A60E3 /* Preview Assets.xcassets in Resources */ = {isa = PBXBuildFile; fileRef = 6169CDF52D5A1FFC003A60E3 /* Preview Assets.xcassets */; };
		6169CE002D5A1FFC003A60E3 /* userInputTests.swift in Sources */ = {isa = PBXBuildFile; fileRef = 6169CDFF2D5A1FFC003A60E3 /* userInputTests.swift */; };
		6169CE0A2D5A1FFC003A60E3 /* userInputUITests.swift in Sources */ = {isa = PBXBuildFile; fileRef = 6169CE092D5A1FFC003A60E3 /* userInputUITests.swift */; };
		6169CE0C2D5A1FFC003A60E3 /* userInputUITestsLaunchTests.swift in Sources */ = {isa = PBXBuildFile; fileRef = 6169CE0B2D5A1FFC003A60E3 /* userInputUITestsLaunchTests.swift */; };
/* End PBXBuildFile section */

/* Begin PBXContainerItemProxy section */
		6169CDFC2D5A1FFC003A60E3 /* PBXContainerItemProxy */ = {
			isa = PBXContainerItemProxy;
			containerPortal = 6169CDE32D5A1FFA003A60E3 /* Project object */;
			proxyType = 1;
			remoteGlobalIDString = 6169CDEA2D5A1FFA003A60E3;
			remoteInfo = userInput;
		};
		6169CE062D5A1FFC003A60E3 /* PBXContainerItemProxy */ = {
			isa = PBXContainerItemProxy;
			containerPortal = 6169CDE32D5A1FFA003A60E3 /* Project object */;
			proxyType = 1;
			remoteGlobalIDString = 6169CDEA2D5A1FFA003A60E3;
			remoteInfo = userInput;
		};
/* End PBXContainerItemProxy section */

/* Begin PBXFileReference section */
		6169CDEB2D5A1FFA003A60E3 /* userInput.app */ = {isa = PBXFileReference; explicitFileType = wrapper.application; includeInIndex = 0; path = userInput.app; sourceTree = BUILT_PRODUCTS_DIR; };
		6169CDEE2D5A1FFA003A60E3 /* userInputApp.swift */ = {isa = PBXFileReference; lastKnownFileType = sourcecode.swift; path = userInputApp.swift; sourceTree = "<group>"; };
		6169CDF02D5A1FFA003A60E3 /* ContentView.swift */ = {isa = PBXFileReference; lastKnownFileType = sourcecode.swift; path = ContentView.swift; sourceTree = "<group>"; };
		6169CDF22D5A1FFC003A60E3 /* Assets.xcassets */ = {isa = PBXFileReference; lastKnownFileType = folder.assetcatalog; path = Assets.xcassets; sourceTree = "<group>"; };
		6169CDF52D5A1FFC003A60E3 /* Preview Assets.xcassets */ = {isa = PBXFileReference; lastKnownFileType = folder.assetcatalog; path = "Preview Assets.xcassets"; sourceTree = "<group>"; };
		6169CDFB2D5A1FFC003A60E3 /* userInputTests.xctest */ = {isa = PBXFileReference; explicitFileType = wrapper.cfbundle; includeInIndex = 0; path = userInputTests.xctest; sourceTree = BUILT_PRODUCTS_DIR; };
		6169CDFF2D5A1FFC003A60E3 /* userInputTests.swift */ = {isa = PBXFileReference; lastKnownFileType = sourcecode.swift; path = userInputTests.swift; sourceTree = "<group>"; };
		6169CE052D5A1FFC003A60E3 /* userInputUITests.xctest */ = {isa = PBXFileReference; explicitFileType = wrapper.cfbundle; includeInIndex = 0; path = userInputUITests.xctest; sourceTree = BUILT_PRODUCTS_DIR; };
		6169CE092D5A1FFC003A60E3 /* userInputUITests.swift */ = {isa = PBXFileReference; lastKnownFileType = sourcecode.swift; path = userInputUITests.swift; sourceTree = "<group>"; };
		6169CE0B2D5A1FFC003A60E3 /* userInputUITestsLaunchTests.swift */ = {isa = PBXFileReference; lastKnownFileType = sourcecode.swift; path = userInputUITestsLaunchTests.swift; sourceTree = "<group>"; };
/* End PBXFileReference section */

/* Begin PBXFrameworksBuildPhase section */
		6169CDE82D5A1FFA003A60E3 /* Frameworks */ = {
			isa = PBXFrameworksBuildPhase;
			buildActionMask = 2147483647;
			files = (
			);
			runOnlyForDeploymentPostprocessing = 0;
		};
		6169CDF82D5A1FFC003A60E3 /* Frameworks */ = {
			isa = PBXFrameworksBuildPhase;
			buildActionMask = 2147483647;
			files = (
			);
			runOnlyForDeploymentPostprocessing = 0;
		};
		6169CE022D5A1FFC003A60E3 /* Frameworks */ = {
			isa = PBXFrameworksBuildPhase;
			buildActionMask = 2147483647;
			files = (
			);
			runOnlyForDeploymentPostprocessing = 0;
		};
/* End PBXFrameworksBuildPhase section */

/* Begin PBXGroup section */
		6169CDE22D5A1FFA003A60E3 = {
			isa = PBXGroup;
			children = (
				6169CDED2D5A1FFA003A60E3 /* userInput */,
				6169CDFE2D5A1FFC003A60E3 /* userInputTests */,
				6169CE082D5A1FFC003A60E3 /* userInputUITests */,
				6169CDEC2D5A1FFA003A60E3 /* Products */,
			);
			sourceTree = "<group>";
		};
		6169CDEC2D5A1FFA003A60E3 /* Products */ = {
			isa = PBXGroup;
			children = (
				6169CDEB2D5A1FFA003A60E3 /* userInput.app */,
				6169CDFB2D5A1FFC003A60E3 /* userInputTests.xctest */,
				6169CE052D5A1FFC003A60E3 /* userInputUITests.xctest */,
			);
			name = Products;
			sourceTree = "<group>";
		};
		6169CDED2D5A1FFA003A60E3 /* userInput */ = {
			isa = PBXGroup;
			children = (
				6169CDEE2D5A1FFA003A60E3 /* userInputApp.swift */,
				6169CDF02D5A1FFA003A60E3 /* ContentView.swift */,
				6169CDF22D5A1FFC003A60E3 /* Assets.xcassets */,
				6169CDF42D5A1FFC003A60E3 /* Preview Content */,
			);
			path = userInput;
			sourceTree = "<group>";
		};
		6169CDF42D5A1FFC003A60E3 /* Preview Content */ = {
			isa = PBXGroup;
			children = (
				6169CDF52D5A1FFC003A60E3 /* Preview Assets.xcassets */,
			);
			path = "Preview Content";
			sourceTree = "<group>";
		};
		6169CDFE2D5A1FFC003A60E3 /* userInputTests */ = {
			isa = PBXGroup;
			children = (
				6169CDFF2D5A1FFC003A60E3 /* userInputTests.swift */,
			);
			path = userInputTests;
			sourceTree = "<group>";
		};
		6169CE082D5A1FFC003A60E3 /* userInputUITests */ = {
			isa = PBXGroup;
			children = (
				6169CE092D5A1FFC003A60E3 /* userInputUITests.swift */,
				6169CE0B2D5A1FFC003A60E3 /* userInputUITestsLaunchTests.swift */,
			);
			path = userInputUITests;
			sourceTree = "<group>";
		};
/* End PBXGroup section */

/* Begin PBXNativeTarget section */
		6169CDEA2D5A1FFA003A60E3 /* userInput */ = {
			isa = PBXNativeTarget;
			buildConfigurationList = 6169CE0F2D5A1FFC003A60E3 /* Build configuration list for PBXNativeTarget "userInput" */;
			buildPhases = (
				6169CDE72D5A1FFA003A60E3 /* Sources */,
				6169CDE82D5A1FFA003A60E3 /* Frameworks */,
				6169CDE92D5A1FFA003A60E3 /* Resources */,
			);
			buildRules = (
			);
			dependencies = (
			);
			name = userInput;
			productName = userInput;
			productReference = 6169CDEB2D5A1FFA003A60E3 /* userInput.app */;
			productType = "com.apple.product-type.application";
		};
		6169CDFA2D5A1FFC003A60E3 /* userInputTests */ = {
			isa = PBXNativeTarget;
			buildConfigurationList = 6169CE122D5A1FFC003A60E3 /* Build configuration list for PBXNativeTarget "userInputTests" */;
			buildPhases = (
				6169CDF72D5A1FFC003A60E3 /* Sources */,
				6169CDF82D5A1FFC003A60E3 /* Frameworks */,
				6169CDF92D5A1FFC003A60E3 /* Resources */,
			);
			buildRules = (
			);
			dependencies = (
				6169CDFD2D5A1FFC003A60E3 /* PBXTargetDependency */,
			);
			name = userInputTests;
			productName = userInputTests;
			productReference = 6169CDFB2D5A1FFC003A60E3 /* userInputTests.xctest */;
			productType = "com.apple.product-type.bundle.unit-test";
		};
		6169CE042D5A1FFC003A60E3 /* userInputUITests */ = {
			isa = PBXNativeTarget;
			buildConfigurationList = 6169CE152D5A1FFC003A60E3 /* Build configuration list for PBXNativeTarget "userInputUITests" */;
			buildPhases = (
				6169CE012D5A1FFC003A60E3 /* Sources */,
				6169CE022D5A1FFC003A60E3 /* Frameworks */,
				6169CE032D5A1FFC003A60E3 /* Resources */,
			);
			buildRules = (
			);
			dependencies = (
				6169CE072D5A1FFC003A60E3 /* PBXTargetDependency */,
			);
			name = userInputUITests;
			productName = userInputUITests;
			productReference = 6169CE052D5A1FFC003A60E3 /* userInputUITests.xctest */;
			productType = "com.apple.product-type.bundle.ui-testing";
		};
/* End PBXNativeTarget section */

/* Begin PBXProject section */
		6169CDE32D5A1FFA003A60E3 /* Project object */ = {
			isa = PBXProject;
			attributes = {
				BuildIndependentTargetsInParallel = 1;
				LastSwiftUpdateCheck = 1540;
				LastUpgradeCheck = 1540;
				TargetAttributes = {
					6169CDEA2D5A1FFA003A60E3 = {
						CreatedOnToolsVersion = 15.4;
					};
					6169CDFA2D5A1FFC003A60E3 = {
						CreatedOnToolsVersion = 15.4;
						TestTargetID = 6169CDEA2D5A1FFA003A60E3;
					};
					6169CE042D5A1FFC003A60E3 = {
						CreatedOnToolsVersion = 15.4;
						TestTargetID = 6169CDEA2D5A1FFA003A60E3;
					};
				};
			};
			buildConfigurationList = 6169CDE62D5A1FFA003A60E3 /* Build configuration list for PBXProject "userInput" */;
			compatibilityVersion = "Xcode 14.0";
			developmentRegion = en;
			hasScannedForEncodings = 0;
			knownRegions = (
				en,
				Base,
			);
			mainGroup = 6169CDE22D5A1FFA003A60E3;
			productRefGroup = 6169CDEC2D5A1FFA003A60E3 /* Products */;
			projectDirPath = "";
			projectRoot = "";
			targets = (
				6169CDEA2D5A1FFA003A60E3 /* userInput */,
				6169CDFA2D5A1FFC003A60E3 /* userInputTests */,
				6169CE042D5A1FFC003A60E3 /* userInputUITests */,
			);
		};
/* End PBXProject section */

/* Begin PBXResourcesBuildPhase section */
		6169CDE92D5A1FFA003A60E3 /* Resources */ = {
			isa = PBXResourcesBuildPhase;
			buildActionMask = 2147483647;
			files = (
				6169CDF62D5A1FFC003A60E3 /* Preview Assets.xcassets in Resources */,
				6169CDF32D5A1FFC003A60E3 /* Assets.xcassets in Resources */,
			);
			runOnlyForDeploymentPostprocessing = 0;
		};
		6169CDF92D5A1FFC003A60E3 /* Resources */ = {
			isa = PBXResourcesBuildPhase;
			buildActionMask = 2147483647;
			files = (
			);
			runOnlyForDeploymentPostprocessing = 0;
		};
		6169CE032D5A1FFC003A60E3 /* Resources */ = {
			isa = PBXResourcesBuildPhase;
			buildActionMask = 2147483647;
			files = (
			);
			runOnlyForDeploymentPostprocessing = 0;
		};
/* End PBXResourcesBuildPhase section */

/* Begin PBXSourcesBuildPhase section */
		6169CDE72D5A1FFA003A60E3 /* Sources */ = {
			isa = PBXSourcesBuildPhase;
			buildActionMask = 2147483647;
			files = (
				6169CDF12D5A1FFA003A60E3 /* ContentView.swift in Sources */,
				6169CDEF2D5A1FFA003A60E3 /* userInputApp.swift in Sources */,
			);
			runOnlyForDeploymentPostprocessing = 0;
		};
		6169CDF72D5A1FFC003A60E3 /* Sources */ = {
			isa = PBXSourcesBuildPhase;
			buildActionMask = 2147483647;
			files = (
				6169CE002D5A1FFC003A60E3 /* userInputTests.swift in Sources */,
			);
			runOnlyForDeploymentPostprocessing = 0;
		};
		6169CE012D5A1FFC003A60E3 /* Sources */ = {
			isa = PBXSourcesBuildPhase;
			buildActionMask = 2147483647;
			files = (
				6169CE0C2D5A1FFC003A60E3 /* userInputUITestsLaunchTests.swift in Sources */,
				6169CE0A2D5A1FFC003A60E3 /* userInputUITests.swift in Sources */,
			);
			runOnlyForDeploymentPostprocessing = 0;
		};
/* End PBXSourcesBuildPhase section */

/* Begin PBXTargetDependency section */
		6169CDFD2D5A1FFC003A60E3 /* PBXTargetDependency */ = {
			isa = PBXTargetDependency;
			target = 6169CDEA2D5A1FFA003A60E3 /* userInput */;
			targetProxy = 6169CDFC2D5A1FFC003A60E3 /* PBXContainerItemProxy */;
		};
		6169CE072D5A1FFC003A60E3 /* PBXTargetDependency */ = {
			isa = PBXTargetDependency;
			target = 6169CDEA2D5A1FFA003A60E3 /* userInput */;
			targetProxy = 6169CE062D5A1FFC003A60E3 /* PBXContainerItemProxy */;
		};
/* End PBXTargetDependency section */

/* Begin XCBuildConfiguration section */
		6169CE0D2D5A1FFC003A60E3 /* Debug */ = {
			isa = XCBuildConfiguration;
			buildSettings = {
				ALWAYS_SEARCH_USER_PATHS = NO;
				ASSETCATALOG_COMPILER_GENERATE_SWIFT_ASSET_SYMBOL_EXTENSIONS = YES;
				CLANG_ANALYZER_NONNULL = YES;
				CLANG_ANALYZER_NUMBER_OBJECT_CONVERSION = YES_AGGRESSIVE;
				CLANG_CXX_LANGUAGE_STANDARD = "gnu++20";
				CLANG_ENABLE_MODULES = YES;
				CLANG_ENABLE_OBJC_ARC = YES;
				CLANG_ENABLE_OBJC_WEAK = YES;
				CLANG_WARN_BLOCK_CAPTURE_AUTORELEASING = YES;
				CLANG_WARN_BOOL_CONVERSION = YES;
				CLANG_WARN_COMMA = YES;
				CLANG_WARN_CONSTANT_CONVERSION = YES;
				CLANG_WARN_DEPRECATED_OBJC_IMPLEMENTATIONS = YES;
				CLANG_WARN_DIRECT_OBJC_ISA_USAGE = YES_ERROR;
				CLANG_WARN_DOCUMENTATION_COMMENTS = YES;
				CLANG_WARN_EMPTY_BODY = YES;
				CLANG_WARN_ENUM_CONVERSION = YES;
				CLANG_WARN_INFINITE_RECURSION = YES;
				CLANG_WARN_INT_CONVERSION = YES;
				CLANG_WARN_NON_LITERAL_NULL_CONVERSION = YES;
				CLANG_WARN_OBJC_IMPLICIT_RETAIN_SELF = YES;
				CLANG_WARN_OBJC_LITERAL_CONVERSION = YES;
				CLANG_WARN_OBJC_ROOT_CLASS = YES_ERROR;
				CLANG_WARN_QUOTED_INCLUDE_IN_FRAMEWORK_HEADER = YES;
				CLANG_WARN_RANGE_LOOP_ANALYSIS = YES;
				CLANG_WARN_STRICT_PROTOTYPES = YES;
				CLANG_WARN_SUSPICIOUS_MOVE = YES;
				CLANG_WARN_UNGUARDED_AVAILABILITY = YES_AGGRESSIVE;
				CLANG_WARN_UNREACHABLE_CODE = YES;
				CLANG_WARN__DUPLICATE_METHOD_MATCH = YES;
				COPY_PHASE_STRIP = NO;
				DEBUG_INFORMATION_FORMAT = dwarf;
				ENABLE_STRICT_OBJC_MSGSEND = YES;
				ENABLE_TESTABILITY = YES;
				ENABLE_USER_SCRIPT_SANDBOXING = YES;
				GCC_C_LANGUAGE_STANDARD = gnu17;
				GCC_DYNAMIC_NO_PIC = NO;
				GCC_NO_COMMON_BLOCKS = YES;
				GCC_OPTIMIZATION_LEVEL = 0;
				GCC_PREPROCESSOR_DEFINITIONS = (
					"DEBUG=1",
					"$(inherited)",
				);
				GCC_WARN_64_TO_32_BIT_CONVERSION = YES;
				GCC_WARN_ABOUT_RETURN_TYPE = YES_ERROR;
				GCC_WARN_UNDECLARED_SELECTOR = YES;
				GCC_WARN_UNINITIALIZED_AUTOS = YES_AGGRESSIVE;
				GCC_WARN_UNUSED_FUNCTION = YES;
				GCC_WARN_UNUSED_VARIABLE = YES;
				IPHONEOS_DEPLOYMENT_TARGET = 17.5;
				LOCALIZATION_PREFERS_STRING_CATALOGS = YES;
				MTL_ENABLE_DEBUG_INFO = INCLUDE_SOURCE;
				MTL_FAST_MATH = YES;
				ONLY_ACTIVE_ARCH = YES;
				SDKROOT = iphoneos;
				SWIFT_ACTIVE_COMPILATION_CONDITIONS = "DEBUG $(inherited)";
				SWIFT_OPTIMIZATION_LEVEL = "-Onone";
			};
			name = Debug;
		};
		6169CE0E2D5A1FFC003A60E3 /* Release */ = {
			isa = XCBuildConfiguration;
			buildSettings = {
				ALWAYS_SEARCH_USER_PATHS = NO;
				ASSETCATALOG_COMPILER_GENERATE_SWIFT_ASSET_SYMBOL_EXTENSIONS = YES;
				CLANG_ANALYZER_NONNULL = YES;
				CLANG_ANALYZER_NUMBER_OBJECT_CONVERSION = YES_AGGRESSIVE;
				CLANG_CXX_LANGUAGE_STANDARD = "gnu++20";
				CLANG_ENABLE_MODULES = YES;
				CLANG_ENABLE_OBJC_ARC = YES;
				CLANG_ENABLE_OBJC_WEAK = YES;
				CLANG_WARN_BLOCK_CAPTURE_AUTORELEASING = YES;
				CLANG_WARN_BOOL_CONVERSION = YES;
				CLANG_WARN_COMMA = YES;
				CLANG_WARN_CONSTANT_CONVERSION = YES;
				CLANG_WARN_DEPRECATED_OBJC_IMPLEMENTATIONS = YES;
				CLANG_WARN_DIRECT_OBJC_ISA_USAGE = YES_ERROR;
				CLANG_WARN_DOCUMENTATION_COMMENTS = YES;
				CLANG_WARN_EMPTY_BODY = YES;
				CLANG_WARN_ENUM_CONVERSION = YES;
				CLANG_WARN_INFINITE_RECURSION = YES;
				CLANG_WARN_INT_CONVERSION = YES;
				CLANG_WARN_NON_LITERAL_NULL_CONVERSION = YES;
				CLANG_WARN_OBJC_IMPLICIT_RETAIN_SELF = YES;
				CLANG_WARN_OBJC_LITERAL_CONVERSION = YES;
				CLANG_WARN_OBJC_ROOT_CLASS = YES_ERROR;
				CLANG_WARN_QUOTED_INCLUDE_IN_FRAMEWORK_HEADER = YES;
				CLANG_WARN_RANGE_LOOP_ANALYSIS = YES;
				CLANG_WARN_STRICT_PROTOTYPES = YES;
				CLANG_WARN_SUSPICIOUS_MOVE = YES;
				CLANG_WARN_UNGUARDED_AVAILABILITY = YES_AGGRESSIVE;
				CLANG_WARN_UNREACHABLE_CODE = YES;
				CLANG_WARN__DUPLICATE_METHOD_MATCH = YES;
				COPY_PHASE_STRIP = NO;
				DEBUG_INFORMATION_FORMAT = "dwarf-with-dsym";
				ENABLE_NS_ASSERTIONS = NO;
				ENABLE_STRICT_OBJC_MSGSEND = YES;
				ENABLE_USER_SCRIPT_SANDBOXING = YES;
				GCC_C_LANGUAGE_STANDARD = gnu17;
				GCC_NO_COMMON_BLOCKS = YES;
				GCC_WARN_64_TO_32_BIT_CONVERSION = YES;
				GCC_WARN_ABOUT_RETURN_TYPE = YES_ERROR;
				GCC_WARN_UNDECLARED_SELECTOR = YES;
				GCC_WARN_UNINITIALIZED_AUTOS = YES_AGGRESSIVE;
				GCC_WARN_UNUSED_FUNCTION = YES;
				GCC_WARN_UNUSED_VARIABLE = YES;
				IPHONEOS_DEPLOYMENT_TARGET = 17.5;
				LOCALIZATION_PREFERS_STRING_CATALOGS = YES;
				MTL_ENABLE_DEBUG_INFO = NO;
				MTL_FAST_MATH = YES;
				SDKROOT = iphoneos;
				SWIFT_COMPILATION_MODE = wholemodule;
				VALIDATE_PRODUCT = YES;
			};
			name = Release;
		};
		6169CE102D5A1FFC003A60E3 /* Debug */ = {
			isa = XCBuildConfiguration;
			buildSettings = {
				ASSETCATALOG_COMPILER_APPICON_NAME = AppIcon;
				ASSETCATALOG_COMPILER_GLOBAL_ACCENT_COLOR_NAME = AccentColor;
				CODE_SIGN_STYLE = Automatic;
				CURRENT_PROJECT_VERSION = 1;
				DEVELOPMENT_ASSET_PATHS = "\"userInput/Preview Content\"";
				ENABLE_PREVIEWS = YES;
				GENERATE_INFOPLIST_FILE = YES;
				INFOPLIST_KEY_UIApplicationSceneManifest_Generation = YES;
				INFOPLIST_KEY_UIApplicationSupportsIndirectInputEvents = YES;
				INFOPLIST_KEY_UILaunchScreen_Generation = YES;
				INFOPLIST_KEY_UISupportedInterfaceOrientations_iPad = "UIInterfaceOrientationPortrait UIInterfaceOrientationPortraitUpsideDown UIInterfaceOrientationLandscapeLeft UIInterfaceOrientationLandscapeRight";
				INFOPLIST_KEY_UISupportedInterfaceOrientations_iPhone = "UIInterfaceOrientationPortrait UIInterfaceOrientationLandscapeLeft UIInterfaceOrientationLandscapeRight";
				LD_RUNPATH_SEARCH_PATHS = (
					"$(inherited)",
					"@executable_path/Frameworks",
				);
				MARKETING_VERSION = 1.0;
				PRODUCT_BUNDLE_IDENTIFIER = guilhermeepifaniodasilva.userInput;
				PRODUCT_NAME = "$(TARGET_NAME)";
				SWIFT_EMIT_LOC_STRINGS = YES;
				SWIFT_VERSION = 5.0;
				TARGETED_DEVICE_FAMILY = "1,2";
			};
			name = Debug;
		};
		6169CE112D5A1FFC003A60E3 /* Release */ = {
			isa = XCBuildConfiguration;
			buildSettings = {
				ASSETCATALOG_COMPILER_APPICON_NAME = AppIcon;
				ASSETCATALOG_COMPILER_GLOBAL_ACCENT_COLOR_NAME = AccentColor;
				CODE_SIGN_STYLE = Automatic;
				CURRENT_PROJECT_VERSION = 1;
				DEVELOPMENT_ASSET_PATHS = "\"userInput/Preview Content\"";
				ENABLE_PREVIEWS = YES;
				GENERATE_INFOPLIST_FILE = YES;
				INFOPLIST_KEY_UIApplicationSceneManifest_Generation = YES;
				INFOPLIST_KEY_UIApplicationSupportsIndirectInputEvents = YES;
				INFOPLIST_KEY_UILaunchScreen_Generation = YES;
				INFOPLIST_KEY_UISupportedInterfaceOrientations_iPad = "UIInterfaceOrientationPortrait UIInterfaceOrientationPortraitUpsideDown UIInterfaceOrientationLandscapeLeft UIInterfaceOrientationLandscapeRight";
				INFOPLIST_KEY_UISupportedInterfaceOrientations_iPhone = "UIInterfaceOrientationPortrait UIInterfaceOrientationLandscapeLeft UIInterfaceOrientationLandscapeRight";
				LD_RUNPATH_SEARCH_PATHS = (
					"$(inherited)",
					"@executable_path/Frameworks",
				);
				MARKETING_VERSION = 1.0;
				PRODUCT_BUNDLE_IDENTIFIER = guilhermeepifaniodasilva.userInput;
				PRODUCT_NAME = "$(TARGET_NAME)";
				SWIFT_EMIT_LOC_STRINGS = YES;
				SWIFT_VERSION = 5.0;
				TARGETED_DEVICE_FAMILY = "1,2";
			};
			name = Release;
		};
		6169CE132D5A1FFC003A60E3 /* Debug */ = {
			isa = XCBuildConfiguration;
			buildSettings = {
				ALWAYS_EMBED_SWIFT_STANDARD_LIBRARIES = YES;
				BUNDLE_LOADER = "$(TEST_HOST)";
				CODE_SIGN_STYLE = Automatic;
				CURRENT_PROJECT_VERSION = 1;
				GENERATE_INFOPLIST_FILE = YES;
				IPHONEOS_DEPLOYMENT_TARGET = 17.5;
				MARKETING_VERSION = 1.0;
				PRODUCT_BUNDLE_IDENTIFIER = guilhermeepifaniodasilva.userInputTests;
				PRODUCT_NAME = "$(TARGET_NAME)";
				SWIFT_EMIT_LOC_STRINGS = NO;
				SWIFT_VERSION = 5.0;
				TARGETED_DEVICE_FAMILY = "1,2";
				TEST_HOST = "$(BUILT_PRODUCTS_DIR)/userInput.app/$(BUNDLE_EXECUTABLE_FOLDER_PATH)/userInput";
			};
			name = Debug;
		};
		6169CE142D5A1FFC003A60E3 /* Release */ = {
			isa = XCBuildConfiguration;
			buildSettings = {
				ALWAYS_EMBED_SWIFT_STANDARD_LIBRARIES = YES;
				BUNDLE_LOADER = "$(TEST_HOST)";
				CODE_SIGN_STYLE = Automatic;
				CURRENT_PROJECT_VERSION = 1;
				GENERATE_INFOPLIST_FILE = YES;
				IPHONEOS_DEPLOYMENT_TARGET = 17.5;
				MARKETING_VERSION = 1.0;
				PRODUCT_BUNDLE_IDENTIFIER = guilhermeepifaniodasilva.userInputTests;
				PRODUCT_NAME = "$(TARGET_NAME)";
				SWIFT_EMIT_LOC_STRINGS = NO;
				SWIFT_VERSION = 5.0;
				TARGETED_DEVICE_FAMILY = "1,2";
				TEST_HOST = "$(BUILT_PRODUCTS_DIR)/userInput.app/$(BUNDLE_EXECUTABLE_FOLDER_PATH)/userInput";
			};
			name = Release;
		};
		6169CE162D5A1FFC003A60E3 /* Debug */ = {
			isa = XCBuildConfiguration;
			buildSettings = {
				ALWAYS_EMBED_SWIFT_STANDARD_LIBRARIES = YES;
				CODE_SIGN_STYLE = Automatic;
				CURRENT_PROJECT_VERSION = 1;
				GENERATE_INFOPLIST_FILE = YES;
				MARKETING_VERSION = 1.0;
				PRODUCT_BUNDLE_IDENTIFIER = guilhermeepifaniodasilva.userInputUITests;
				PRODUCT_NAME = "$(TARGET_NAME)";
				SWIFT_EMIT_LOC_STRINGS = NO;
				SWIFT_VERSION = 5.0;
				TARGETED_DEVICE_FAMILY = "1,2";
				TEST_TARGET_NAME = userInput;
			};
			name = Debug;
		};
		6169CE172D5A1FFC003A60E3 /* Release */ = {
			isa = XCBuildConfiguration;
			buildSettings = {
				ALWAYS_EMBED_SWIFT_STANDARD_LIBRARIES = YES;
				CODE_SIGN_STYLE = Automatic;
				CURRENT_PROJECT_VERSION = 1;
				GENERATE_INFOPLIST_FILE = YES;
				MARKETING_VERSION = 1.0;
				PRODUCT_BUNDLE_IDENTIFIER = guilhermeepifaniodasilva.userInputUITests;
				PRODUCT_NAME = "$(TARGET_NAME)";
				SWIFT_EMIT_LOC_STRINGS = NO;
				SWIFT_VERSION = 5.0;
				TARGETED_DEVICE_FAMILY = "1,2";
				TEST_TARGET_NAME = userInput;
			};
			name = Release;
		};
/* End XCBuildConfiguration section */

/* Begin XCConfigurationList section */
		6169CDE62D5A1FFA003A60E3 /* Build configuration list for PBXProject "userInput" */ = {
			isa = XCConfigurationList;
			buildConfigurations = (
				6169CE0D2D5A1FFC003A60E3 /* Debug */,
				6169CE0E2D5A1FFC003A60E3 /* Release */,
			);
			defaultConfigurationIsVisible = 0;
			defaultConfigurationName = Release;
		};
		6169CE0F2D5A1FFC003A60E3 /* Build configuration list for PBXNativeTarget "userInput" */ = {
			isa = XCConfigurationList;
			buildConfigurations = (
				6169CE102D5A1FFC003A60E3 /* Debug */,
				6169CE112D5A1FFC003A60E3 /* Release */,
			);
			defaultConfigurationIsVisible = 0;
			defaultConfigurationName = Release;
		};
		6169CE122D5A1FFC003A60E3 /* Build configuration list for PBXNativeTarget "userInputTests" */ = {
			isa = XCConfigurationList;
			buildConfigurations = (
				6169CE132D5A1FFC003A60E3 /* Debug */,
				6169CE142D5A1FFC003A60E3 /* Release */,
			);
			defaultConfigurationIsVisible = 0;
			defaultConfigurationName = Release;
		};
		6169CE152D5A1FFC003A60E3 /* Build configuration list for PBXNativeTarget "userInputUITests" */ = {
			isa = XCConfigurationList;
			buildConfigurations = (
				6169CE162D5A1FFC003A60E3 /* Debug */,
				6169CE172D5A1FFC003A60E3 /* Release */,
			);
			defaultConfigurationIsVisible = 0;
			defaultConfigurationName = Release;
		};
/* End XCConfigurationList section */
	};
	rootObject = 6169CDE32D5A1FFA003A60E3 /* Project object */;
}
