// !$*UTF8*$!
{
	archiveVersion = 1;
	classes = {
	};
	objectVersion = 56;
	objects = {

/* Begin PBXBuildFile section */
		46DD7F3C2D5A209B00B58BA4 /* calculadoraApp.swift in Sources */ = {isa = PBXBuildFile; fileRef = 46DD7F3B2D5A209B00B58BA4 /* calculadoraApp.swift */; };
		46DD7F3E2D5A209B00B58BA4 /* ContentView.swift in Sources */ = {isa = PBXBuildFile; fileRef = 46DD7F3D2D5A209B00B58BA4 /* ContentView.swift */; };
		46DD7F402D5A209D00B58BA4 /* Assets.xcassets in Resources */ = {isa = PBXBuildFile; fileRef = 46DD7F3F2D5A209D00B58BA4 /* Assets.xcassets */; };
		46DD7F432D5A209D00B58BA4 /* Preview Assets.xcassets in Resources */ = {isa = PBXBuildFile; fileRef = 46DD7F422D5A209D00B58BA4 /* Preview Assets.xcassets */; };
		46DD7F4D2D5A209D00B58BA4 /* calculadoraTests.swift in Sources */ = {isa = PBXBuildFile; fileRef = 46DD7F4C2D5A209D00B58BA4 /* calculadoraTests.swift */; };
		46DD7F572D5A209D00B58BA4 /* calculadoraUITests.swift in Sources */ = {isa = PBXBuildFile; fileRef = 46DD7F562D5A209D00B58BA4 /* calculadoraUITests.swift */; };
		46DD7F592D5A209D00B58BA4 /* calculadoraUITestsLaunchTests.swift in Sources */ = {isa = PBXBuildFile; fileRef = 46DD7F582D5A209D00B58BA4 /* calculadoraUITestsLaunchTests.swift */; };
		46DD7F692D5A296400B58BA4 /* tartaruga.png in Resources */ = {isa = PBXBuildFile; fileRef = 46DD7F682D5A296400B58BA4 /* tartaruga.png */; };
		46DD7F6D2D5A30CC00B58BA4 /* elefante.jpeg in Resources */ = {isa = PBXBuildFile; fileRef = 46DD7F6C2D5A30CC00B58BA4 /* elefante.jpeg */; };
		46DD7F6F2D5A317D00B58BA4 /* avestruz.jpeg in Resources */ = {isa = PBXBuildFile; fileRef = 46DD7F6E2D5A317D00B58BA4 /* avestruz.jpeg */; };
		46DD7F712D5A31C400B58BA4 /* guepardo.jpeg in Resources */ = {isa = PBXBuildFile; fileRef = 46DD7F702D5A31C400B58BA4 /* guepardo.jpeg */; };
		46DD7F732D5A31CF00B58BA4 /* leao.jpeg in Resources */ = {isa = PBXBuildFile; fileRef = 46DD7F722D5A31CF00B58BA4 /* leao.jpeg */; };
		46DD7F782D5A41FD00B58BA4 /* interrogacao.png in Resources */ = {isa = PBXBuildFile; fileRef = 46DD7F772D5A41FD00B58BA4 /* interrogacao.png */; };
/* End PBXBuildFile section */

/* Begin PBXContainerItemProxy section */
		46DD7F492D5A209D00B58BA4 /* PBXContainerItemProxy */ = {
			isa = PBXContainerItemProxy;
			containerPortal = 46DD7F302D5A209B00B58BA4 /* Project object */;
			proxyType = 1;
			remoteGlobalIDString = 46DD7F372D5A209B00B58BA4;
			remoteInfo = calculadora;
		};
		46DD7F532D5A209D00B58BA4 /* PBXContainerItemProxy */ = {
			isa = PBXContainerItemProxy;
			containerPortal = 46DD7F302D5A209B00B58BA4 /* Project object */;
			proxyType = 1;
			remoteGlobalIDString = 46DD7F372D5A209B00B58BA4;
			remoteInfo = calculadora;
		};
/* End PBXContainerItemProxy section */

/* Begin PBXFileReference section */
		46DD7F382D5A209B00B58BA4 /* calculadora.app */ = {isa = PBXFileReference; explicitFileType = wrapper.application; includeInIndex = 0; path = calculadora.app; sourceTree = BUILT_PRODUCTS_DIR; };
		46DD7F3B2D5A209B00B58BA4 /* calculadoraApp.swift */ = {isa = PBXFileReference; lastKnownFileType = sourcecode.swift; path = calculadoraApp.swift; sourceTree = "<group>"; };
		46DD7F3D2D5A209B00B58BA4 /* ContentView.swift */ = {isa = PBXFileReference; lastKnownFileType = sourcecode.swift; path = ContentView.swift; sourceTree = "<group>"; };
		46DD7F3F2D5A209D00B58BA4 /* Assets.xcassets */ = {isa = PBXFileReference; lastKnownFileType = folder.assetcatalog; path = Assets.xcassets; sourceTree = "<group>"; };
		46DD7F422D5A209D00B58BA4 /* Preview Assets.xcassets */ = {isa = PBXFileReference; lastKnownFileType = folder.assetcatalog; path = "Preview Assets.xcassets"; sourceTree = "<group>"; };
		46DD7F482D5A209D00B58BA4 /* calculadoraTests.xctest */ = {isa = PBXFileReference; explicitFileType = wrapper.cfbundle; includeInIndex = 0; path = calculadoraTests.xctest; sourceTree = BUILT_PRODUCTS_DIR; };
		46DD7F4C2D5A209D00B58BA4 /* calculadoraTests.swift */ = {isa = PBXFileReference; lastKnownFileType = sourcecode.swift; path = calculadoraTests.swift; sourceTree = "<group>"; };
		46DD7F522D5A209D00B58BA4 /* calculadoraUITests.xctest */ = {isa = PBXFileReference; explicitFileType = wrapper.cfbundle; includeInIndex = 0; path = calculadoraUITests.xctest; sourceTree = BUILT_PRODUCTS_DIR; };
		46DD7F562D5A209D00B58BA4 /* calculadoraUITests.swift */ = {isa = PBXFileReference; lastKnownFileType = sourcecode.swift; path = calculadoraUITests.swift; sourceTree = "<group>"; };
		46DD7F582D5A209D00B58BA4 /* calculadoraUITestsLaunchTests.swift */ = {isa = PBXFileReference; lastKnownFileType = sourcecode.swift; path = calculadoraUITestsLaunchTests.swift; sourceTree = "<group>"; };
		46DD7F682D5A296400B58BA4 /* tartaruga.png */ = {isa = PBXFileReference; lastKnownFileType = image.png; name = tartaruga.png; path = ../../../../Downloads/tartaruga.png; sourceTree = "<group>"; };
		46DD7F6C2D5A30CC00B58BA4 /* elefante.jpeg */ = {isa = PBXFileReference; lastKnownFileType = image.jpeg; name = elefante.jpeg; path = ../../../../Downloads/elefante.jpeg; sourceTree = "<group>"; };
		46DD7F6E2D5A317D00B58BA4 /* avestruz.jpeg */ = {isa = PBXFileReference; lastKnownFileType = image.jpeg; name = avestruz.jpeg; path = ../../../../Downloads/avestruz.jpeg; sourceTree = "<group>"; };
		46DD7F702D5A31C400B58BA4 /* guepardo.jpeg */ = {isa = PBXFileReference; lastKnownFileType = image.jpeg; name = guepardo.jpeg; path = ../../../../Downloads/guepardo.jpeg; sourceTree = "<group>"; };
		46DD7F722D5A31CF00B58BA4 /* leao.jpeg */ = {isa = PBXFileReference; lastKnownFileType = image.jpeg; name = leao.jpeg; path = ../../../../Downloads/leao.jpeg; sourceTree = "<group>"; };
		46DD7F772D5A41FD00B58BA4 /* interrogacao.png */ = {isa = PBXFileReference; lastKnownFileType = image.png; name = interrogacao.png; path = ../../../../Downloads/interrogacao.png; sourceTree = "<group>"; };
/* End PBXFileReference section */

/* Begin PBXFrameworksBuildPhase section */
		46DD7F352D5A209B00B58BA4 /* Frameworks */ = {
			isa = PBXFrameworksBuildPhase;
			buildActionMask = 2147483647;
			files = (
			);
			runOnlyForDeploymentPostprocessing = 0;
		};
		46DD7F452D5A209D00B58BA4 /* Frameworks */ = {
			isa = PBXFrameworksBuildPhase;
			buildActionMask = 2147483647;
			files = (
			);
			runOnlyForDeploymentPostprocessing = 0;
		};
		46DD7F4F2D5A209D00B58BA4 /* Frameworks */ = {
			isa = PBXFrameworksBuildPhase;
			buildActionMask = 2147483647;
			files = (
			);
			runOnlyForDeploymentPostprocessing = 0;
		};
/* End PBXFrameworksBuildPhase section */

/* Begin PBXGroup section */
		46DD7F2F2D5A209B00B58BA4 = {
			isa = PBXGroup;
			children = (
				46DD7F3A2D5A209B00B58BA4 /* calculadora */,
				46DD7F4B2D5A209D00B58BA4 /* calculadoraTests */,
				46DD7F552D5A209D00B58BA4 /* calculadoraUITests */,
				46DD7F392D5A209B00B58BA4 /* Products */,
			);
			sourceTree = "<group>";
		};
		46DD7F392D5A209B00B58BA4 /* Products */ = {
			isa = PBXGroup;
			children = (
				46DD7F382D5A209B00B58BA4 /* calculadora.app */,
				46DD7F482D5A209D00B58BA4 /* calculadoraTests.xctest */,
				46DD7F522D5A209D00B58BA4 /* calculadoraUITests.xctest */,
			);
			name = Products;
			sourceTree = "<group>";
		};
		46DD7F3A2D5A209B00B58BA4 /* calculadora */ = {
			isa = PBXGroup;
			children = (
				46DD7F3B2D5A209B00B58BA4 /* calculadoraApp.swift */,
				46DD7F3D2D5A209B00B58BA4 /* ContentView.swift */,
				46DD7F3F2D5A209D00B58BA4 /* Assets.xcassets */,
				46DD7F772D5A41FD00B58BA4 /* interrogacao.png */,
				46DD7F722D5A31CF00B58BA4 /* leao.jpeg */,
				46DD7F702D5A31C400B58BA4 /* guepardo.jpeg */,
				46DD7F6E2D5A317D00B58BA4 /* avestruz.jpeg */,
				46DD7F6C2D5A30CC00B58BA4 /* elefante.jpeg */,
				46DD7F682D5A296400B58BA4 /* tartaruga.png */,
				46DD7F412D5A209D00B58BA4 /* Preview Content */,
			);
			path = calculadora;
			sourceTree = "<group>";
		};
		46DD7F412D5A209D00B58BA4 /* Preview Content */ = {
			isa = PBXGroup;
			children = (
				46DD7F422D5A209D00B58BA4 /* Preview Assets.xcassets */,
			);
			path = "Preview Content";
			sourceTree = "<group>";
		};
		46DD7F4B2D5A209D00B58BA4 /* calculadoraTests */ = {
			isa = PBXGroup;
			children = (
				46DD7F4C2D5A209D00B58BA4 /* calculadoraTests.swift */,
			);
			path = calculadoraTests;
			sourceTree = "<group>";
		};
		46DD7F552D5A209D00B58BA4 /* calculadoraUITests */ = {
			isa = PBXGroup;
			children = (
				46DD7F562D5A209D00B58BA4 /* calculadoraUITests.swift */,
				46DD7F582D5A209D00B58BA4 /* calculadoraUITestsLaunchTests.swift */,
			);
			path = calculadoraUITests;
			sourceTree = "<group>";
		};
/* End PBXGroup section */

/* Begin PBXNativeTarget section */
		46DD7F372D5A209B00B58BA4 /* calculadora */ = {
			isa = PBXNativeTarget;
			buildConfigurationList = 46DD7F5C2D5A209D00B58BA4 /* Build configuration list for PBXNativeTarget "calculadora" */;
			buildPhases = (
				46DD7F342D5A209B00B58BA4 /* Sources */,
				46DD7F352D5A209B00B58BA4 /* Frameworks */,
				46DD7F362D5A209B00B58BA4 /* Resources */,
			);
			buildRules = (
			);
			dependencies = (
			);
			name = calculadora;
			productName = calculadora;
			productReference = 46DD7F382D5A209B00B58BA4 /* calculadora.app */;
			productType = "com.apple.product-type.application";
		};
		46DD7F472D5A209D00B58BA4 /* calculadoraTests */ = {
			isa = PBXNativeTarget;
			buildConfigurationList = 46DD7F5F2D5A209D00B58BA4 /* Build configuration list for PBXNativeTarget "calculadoraTests" */;
			buildPhases = (
				46DD7F442D5A209D00B58BA4 /* Sources */,
				46DD7F452D5A209D00B58BA4 /* Frameworks */,
				46DD7F462D5A209D00B58BA4 /* Resources */,
			);
			buildRules = (
			);
			dependencies = (
				46DD7F4A2D5A209D00B58BA4 /* PBXTargetDependency */,
			);
			name = calculadoraTests;
			productName = calculadoraTests;
			productReference = 46DD7F482D5A209D00B58BA4 /* calculadoraTests.xctest */;
			productType = "com.apple.product-type.bundle.unit-test";
		};
		46DD7F512D5A209D00B58BA4 /* calculadoraUITests */ = {
			isa = PBXNativeTarget;
			buildConfigurationList = 46DD7F622D5A209D00B58BA4 /* Build configuration list for PBXNativeTarget "calculadoraUITests" */;
			buildPhases = (
				46DD7F4E2D5A209D00B58BA4 /* Sources */,
				46DD7F4F2D5A209D00B58BA4 /* Frameworks */,
				46DD7F502D5A209D00B58BA4 /* Resources */,
			);
			buildRules = (
			);
			dependencies = (
				46DD7F542D5A209D00B58BA4 /* PBXTargetDependency */,
			);
			name = calculadoraUITests;
			productName = calculadoraUITests;
			productReference = 46DD7F522D5A209D00B58BA4 /* calculadoraUITests.xctest */;
			productType = "com.apple.product-type.bundle.ui-testing";
		};
/* End PBXNativeTarget section */

/* Begin PBXProject section */
		46DD7F302D5A209B00B58BA4 /* Project object */ = {
			isa = PBXProject;
			attributes = {
				BuildIndependentTargetsInParallel = 1;
				LastSwiftUpdateCheck = 1540;
				LastUpgradeCheck = 1540;
				TargetAttributes = {
					46DD7F372D5A209B00B58BA4 = {
						CreatedOnToolsVersion = 15.4;
					};
					46DD7F472D5A209D00B58BA4 = {
						CreatedOnToolsVersion = 15.4;
						TestTargetID = 46DD7F372D5A209B00B58BA4;
					};
					46DD7F512D5A209D00B58BA4 = {
						CreatedOnToolsVersion = 15.4;
						TestTargetID = 46DD7F372D5A209B00B58BA4;
					};
				};
			};
			buildConfigurationList = 46DD7F332D5A209B00B58BA4 /* Build configuration list for PBXProject "calculadora" */;
			compatibilityVersion = "Xcode 14.0";
			developmentRegion = en;
			hasScannedForEncodings = 0;
			knownRegions = (
				en,
				Base,
			);
			mainGroup = 46DD7F2F2D5A209B00B58BA4;
			productRefGroup = 46DD7F392D5A209B00B58BA4 /* Products */;
			projectDirPath = "";
			projectRoot = "";
			targets = (
				46DD7F372D5A209B00B58BA4 /* calculadora */,
				46DD7F472D5A209D00B58BA4 /* calculadoraTests */,
				46DD7F512D5A209D00B58BA4 /* calculadoraUITests */,
			);
		};
/* End PBXProject section */

/* Begin PBXResourcesBuildPhase section */
		46DD7F362D5A209B00B58BA4 /* Resources */ = {
			isa = PBXResourcesBuildPhase;
			buildActionMask = 2147483647;
			files = (
				46DD7F432D5A209D00B58BA4 /* Preview Assets.xcassets in Resources */,
				46DD7F782D5A41FD00B58BA4 /* interrogacao.png in Resources */,
				46DD7F6D2D5A30CC00B58BA4 /* elefante.jpeg in Resources */,
				46DD7F712D5A31C400B58BA4 /* guepardo.jpeg in Resources */,
				46DD7F732D5A31CF00B58BA4 /* leao.jpeg in Resources */,
				46DD7F402D5A209D00B58BA4 /* Assets.xcassets in Resources */,
				46DD7F6F2D5A317D00B58BA4 /* avestruz.jpeg in Resources */,
				46DD7F692D5A296400B58BA4 /* tartaruga.png in Resources */,
			);
			runOnlyForDeploymentPostprocessing = 0;
		};
		46DD7F462D5A209D00B58BA4 /* Resources */ = {
			isa = PBXResourcesBuildPhase;
			buildActionMask = 2147483647;
			files = (
			);
			runOnlyForDeploymentPostprocessing = 0;
		};
		46DD7F502D5A209D00B58BA4 /* Resources */ = {
			isa = PBXResourcesBuildPhase;
			buildActionMask = 2147483647;
			files = (
			);
			runOnlyForDeploymentPostprocessing = 0;
		};
/* End PBXResourcesBuildPhase section */

/* Begin PBXSourcesBuildPhase section */
		46DD7F342D5A209B00B58BA4 /* Sources */ = {
			isa = PBXSourcesBuildPhase;
			buildActionMask = 2147483647;
			files = (
				46DD7F3E2D5A209B00B58BA4 /* ContentView.swift in Sources */,
				46DD7F3C2D5A209B00B58BA4 /* calculadoraApp.swift in Sources */,
			);
			runOnlyForDeploymentPostprocessing = 0;
		};
		46DD7F442D5A209D00B58BA4 /* Sources */ = {
			isa = PBXSourcesBuildPhase;
			buildActionMask = 2147483647;
			files = (
				46DD7F4D2D5A209D00B58BA4 /* calculadoraTests.swift in Sources */,
			);
			runOnlyForDeploymentPostprocessing = 0;
		};
		46DD7F4E2D5A209D00B58BA4 /* Sources */ = {
			isa = PBXSourcesBuildPhase;
			buildActionMask = 2147483647;
			files = (
				46DD7F592D5A209D00B58BA4 /* calculadoraUITestsLaunchTests.swift in Sources */,
				46DD7F572D5A209D00B58BA4 /* calculadoraUITests.swift in Sources */,
			);
			runOnlyForDeploymentPostprocessing = 0;
		};
/* End PBXSourcesBuildPhase section */

/* Begin PBXTargetDependency section */
		46DD7F4A2D5A209D00B58BA4 /* PBXTargetDependency */ = {
			isa = PBXTargetDependency;
			target = 46DD7F372D5A209B00B58BA4 /* calculadora */;
			targetProxy = 46DD7F492D5A209D00B58BA4 /* PBXContainerItemProxy */;
		};
		46DD7F542D5A209D00B58BA4 /* PBXTargetDependency */ = {
			isa = PBXTargetDependency;
			target = 46DD7F372D5A209B00B58BA4 /* calculadora */;
			targetProxy = 46DD7F532D5A209D00B58BA4 /* PBXContainerItemProxy */;
		};
/* End PBXTargetDependency section */

/* Begin XCBuildConfiguration section */
		46DD7F5A2D5A209D00B58BA4 /* Debug */ = {
			isa = XCBuildConfiguration;
			buildSettings = {
				ALWAYS_SEARCH_USER_PATHS = NO;
				ASSETCATALOG_COMPILER_GENERATE_SWIFT_ASSET_SYMBOL_EXTENSIONS = YES;
				CLANG_ANALYZER_NONNULL = YES;
				CLANG_ANALYZER_NUMBER_OBJECT_CONVERSION = YES_AGGRESSIVE;
				CLANG_CXX_LANGUAGE_STANDARD = "gnu++20";
				CLANG_ENABLE_MODULES = YES;
				CLANG_ENABLE_OBJC_ARC = YES;
				CLANG_ENABLE_OBJC_WEAK = YES;
				CLANG_WARN_BLOCK_CAPTURE_AUTORELEASING = YES;
				CLANG_WARN_BOOL_CONVERSION = YES;
				CLANG_WARN_COMMA = YES;
				CLANG_WARN_CONSTANT_CONVERSION = YES;
				CLANG_WARN_DEPRECATED_OBJC_IMPLEMENTATIONS = YES;
				CLANG_WARN_DIRECT_OBJC_ISA_USAGE = YES_ERROR;
				CLANG_WARN_DOCUMENTATION_COMMENTS = YES;
				CLANG_WARN_EMPTY_BODY = YES;
				CLANG_WARN_ENUM_CONVERSION = YES;
				CLANG_WARN_INFINITE_RECURSION = YES;
				CLANG_WARN_INT_CONVERSION = YES;
				CLANG_WARN_NON_LITERAL_NULL_CONVERSION = YES;
				CLANG_WARN_OBJC_IMPLICIT_RETAIN_SELF = YES;
				CLANG_WARN_OBJC_LITERAL_CONVERSION = YES;
				CLANG_WARN_OBJC_ROOT_CLASS = YES_ERROR;
				CLANG_WARN_QUOTED_INCLUDE_IN_FRAMEWORK_HEADER = YES;
				CLANG_WARN_RANGE_LOOP_ANALYSIS = YES;
				CLANG_WARN_STRICT_PROTOTYPES = YES;
				CLANG_WARN_SUSPICIOUS_MOVE = YES;
				CLANG_WARN_UNGUARDED_AVAILABILITY = YES_AGGRESSIVE;
				CLANG_WARN_UNREACHABLE_CODE = YES;
				CLANG_WARN__DUPLICATE_METHOD_MATCH = YES;
				COPY_PHASE_STRIP = NO;
				DEBUG_INFORMATION_FORMAT = dwarf;
				ENABLE_STRICT_OBJC_MSGSEND = YES;
				ENABLE_TESTABILITY = YES;
				ENABLE_USER_SCRIPT_SANDBOXING = YES;
				GCC_C_LANGUAGE_STANDARD = gnu17;
				GCC_DYNAMIC_NO_PIC = NO;
				GCC_NO_COMMON_BLOCKS = YES;
				GCC_OPTIMIZATION_LEVEL = 0;
				GCC_PREPROCESSOR_DEFINITIONS = (
					"DEBUG=1",
					"$(inherited)",
				);
				GCC_WARN_64_TO_32_BIT_CONVERSION = YES;
				GCC_WARN_ABOUT_RETURN_TYPE = YES_ERROR;
				GCC_WARN_UNDECLARED_SELECTOR = YES;
				GCC_WARN_UNINITIALIZED_AUTOS = YES_AGGRESSIVE;
				GCC_WARN_UNUSED_FUNCTION = YES;
				GCC_WARN_UNUSED_VARIABLE = YES;
				IPHONEOS_DEPLOYMENT_TARGET = 17.5;
				LOCALIZATION_PREFERS_STRING_CATALOGS = YES;
				MTL_ENABLE_DEBUG_INFO = INCLUDE_SOURCE;
				MTL_FAST_MATH = YES;
				ONLY_ACTIVE_ARCH = YES;
				SDKROOT = iphoneos;
				SWIFT_ACTIVE_COMPILATION_CONDITIONS = "DEBUG $(inherited)";
				SWIFT_OPTIMIZATION_LEVEL = "-Onone";
			};
			name = Debug;
		};
		46DD7F5B2D5A209D00B58BA4 /* Release */ = {
			isa = XCBuildConfiguration;
			buildSettings = {
				ALWAYS_SEARCH_USER_PATHS = NO;
				ASSETCATALOG_COMPILER_GENERATE_SWIFT_ASSET_SYMBOL_EXTENSIONS = YES;
				CLANG_ANALYZER_NONNULL = YES;
				CLANG_ANALYZER_NUMBER_OBJECT_CONVERSION = YES_AGGRESSIVE;
				CLANG_CXX_LANGUAGE_STANDARD = "gnu++20";
				CLANG_ENABLE_MODULES = YES;
				CLANG_ENABLE_OBJC_ARC = YES;
				CLANG_ENABLE_OBJC_WEAK = YES;
				CLANG_WARN_BLOCK_CAPTURE_AUTORELEASING = YES;
				CLANG_WARN_BOOL_CONVERSION = YES;
				CLANG_WARN_COMMA = YES;
				CLANG_WARN_CONSTANT_CONVERSION = YES;
				CLANG_WARN_DEPRECATED_OBJC_IMPLEMENTATIONS = YES;
				CLANG_WARN_DIRECT_OBJC_ISA_USAGE = YES_ERROR;
				CLANG_WARN_DOCUMENTATION_COMMENTS = YES;
				CLANG_WARN_EMPTY_BODY = YES;
				CLANG_WARN_ENUM_CONVERSION = YES;
				CLANG_WARN_INFINITE_RECURSION = YES;
				CLANG_WARN_INT_CONVERSION = YES;
				CLANG_WARN_NON_LITERAL_NULL_CONVERSION = YES;
				CLANG_WARN_OBJC_IMPLICIT_RETAIN_SELF = YES;
				CLANG_WARN_OBJC_LITERAL_CONVERSION = YES;
				CLANG_WARN_OBJC_ROOT_CLASS = YES_ERROR;
				CLANG_WARN_QUOTED_INCLUDE_IN_FRAMEWORK_HEADER = YES;
				CLANG_WARN_RANGE_LOOP_ANALYSIS = YES;
				CLANG_WARN_STRICT_PROTOTYPES = YES;
				CLANG_WARN_SUSPICIOUS_MOVE = YES;
				CLANG_WARN_UNGUARDED_AVAILABILITY = YES_AGGRESSIVE;
				CLANG_WARN_UNREACHABLE_CODE = YES;
				CLANG_WARN__DUPLICATE_METHOD_MATCH = YES;
				COPY_PHASE_STRIP = NO;
				DEBUG_INFORMATION_FORMAT = "dwarf-with-dsym";
				ENABLE_NS_ASSERTIONS = NO;
				ENABLE_STRICT_OBJC_MSGSEND = YES;
				ENABLE_USER_SCRIPT_SANDBOXING = YES;
				GCC_C_LANGUAGE_STANDARD = gnu17;
				GCC_NO_COMMON_BLOCKS = YES;
				GCC_WARN_64_TO_32_BIT_CONVERSION = YES;
				GCC_WARN_ABOUT_RETURN_TYPE = YES_ERROR;
				GCC_WARN_UNDECLARED_SELECTOR = YES;
				GCC_WARN_UNINITIALIZED_AUTOS = YES_AGGRESSIVE;
				GCC_WARN_UNUSED_FUNCTION = YES;
				GCC_WARN_UNUSED_VARIABLE = YES;
				IPHONEOS_DEPLOYMENT_TARGET = 17.5;
				LOCALIZATION_PREFERS_STRING_CATALOGS = YES;
				MTL_ENABLE_DEBUG_INFO = NO;
				MTL_FAST_MATH = YES;
				SDKROOT = iphoneos;
				SWIFT_COMPILATION_MODE = wholemodule;
				VALIDATE_PRODUCT = YES;
			};
			name = Release;
		};
		46DD7F5D2D5A209D00B58BA4 /* Debug */ = {
			isa = XCBuildConfiguration;
			buildSettings = {
				ASSETCATALOG_COMPILER_APPICON_NAME = AppIcon;
				ASSETCATALOG_COMPILER_GLOBAL_ACCENT_COLOR_NAME = AccentColor;
				CODE_SIGN_STYLE = Automatic;
				CURRENT_PROJECT_VERSION = 1;
				DEVELOPMENT_ASSET_PATHS = "\"calculadora/Preview Content\"";
				ENABLE_PREVIEWS = YES;
				GENERATE_INFOPLIST_FILE = YES;
				INFOPLIST_KEY_UIApplicationSceneManifest_Generation = YES;
				INFOPLIST_KEY_UIApplicationSupportsIndirectInputEvents = YES;
				INFOPLIST_KEY_UILaunchScreen_Generation = YES;
				INFOPLIST_KEY_UISupportedInterfaceOrientations_iPad = "UIInterfaceOrientationPortrait UIInterfaceOrientationPortraitUpsideDown UIInterfaceOrientationLandscapeLeft UIInterfaceOrientationLandscapeRight";
				INFOPLIST_KEY_UISupportedInterfaceOrientations_iPhone = "UIInterfaceOrientationPortrait UIInterfaceOrientationLandscapeLeft UIInterfaceOrientationLandscapeRight";
				LD_RUNPATH_SEARCH_PATHS = (
					"$(inherited)",
					"@executable_path/Frameworks",
				);
				MARKETING_VERSION = 1.0;
				PRODUCT_BUNDLE_IDENTIFIER = victorgabrielbarbosa.calculadora;
				PRODUCT_NAME = "$(TARGET_NAME)";
				SWIFT_EMIT_LOC_STRINGS = YES;
				SWIFT_VERSION = 5.0;
				TARGETED_DEVICE_FAMILY = "1,2";
			};
			name = Debug;
		};
		46DD7F5E2D5A209D00B58BA4 /* Release */ = {
			isa = XCBuildConfiguration;
			buildSettings = {
				ASSETCATALOG_COMPILER_APPICON_NAME = AppIcon;
				ASSETCATALOG_COMPILER_GLOBAL_ACCENT_COLOR_NAME = AccentColor;
				CODE_SIGN_STYLE = Automatic;
				CURRENT_PROJECT_VERSION = 1;
				DEVELOPMENT_ASSET_PATHS = "\"calculadora/Preview Content\"";
				ENABLE_PREVIEWS = YES;
				GENERATE_INFOPLIST_FILE = YES;
				INFOPLIST_KEY_UIApplicationSceneManifest_Generation = YES;
				INFOPLIST_KEY_UIApplicationSupportsIndirectInputEvents = YES;
				INFOPLIST_KEY_UILaunchScreen_Generation = YES;
				INFOPLIST_KEY_UISupportedInterfaceOrientations_iPad = "UIInterfaceOrientationPortrait UIInterfaceOrientationPortraitUpsideDown UIInterfaceOrientationLandscapeLeft UIInterfaceOrientationLandscapeRight";
				INFOPLIST_KEY_UISupportedInterfaceOrientations_iPhone = "UIInterfaceOrientationPortrait UIInterfaceOrientationLandscapeLeft UIInterfaceOrientationLandscapeRight";
				LD_RUNPATH_SEARCH_PATHS = (
					"$(inherited)",
					"@executable_path/Frameworks",
				);
				MARKETING_VERSION = 1.0;
				PRODUCT_BUNDLE_IDENTIFIER = victorgabrielbarbosa.calculadora;
				PRODUCT_NAME = "$(TARGET_NAME)";
				SWIFT_EMIT_LOC_STRINGS = YES;
				SWIFT_VERSION = 5.0;
				TARGETED_DEVICE_FAMILY = "1,2";
			};
			name = Release;
		};
		46DD7F602D5A209D00B58BA4 /* Debug */ = {
			isa = XCBuildConfiguration;
			buildSettings = {
				ALWAYS_EMBED_SWIFT_STANDARD_LIBRARIES = YES;
				BUNDLE_LOADER = "$(TEST_HOST)";
				CODE_SIGN_STYLE = Automatic;
				CURRENT_PROJECT_VERSION = 1;
				GENERATE_INFOPLIST_FILE = YES;
				IPHONEOS_DEPLOYMENT_TARGET = 17.5;
				MARKETING_VERSION = 1.0;
				PRODUCT_BUNDLE_IDENTIFIER = victorgabrielbarbosa.calculadoraTests;
				PRODUCT_NAME = "$(TARGET_NAME)";
				SWIFT_EMIT_LOC_STRINGS = NO;
				SWIFT_VERSION = 5.0;
				TARGETED_DEVICE_FAMILY = "1,2";
				TEST_HOST = "$(BUILT_PRODUCTS_DIR)/calculadora.app/$(BUNDLE_EXECUTABLE_FOLDER_PATH)/calculadora";
			};
			name = Debug;
		};
		46DD7F612D5A209D00B58BA4 /* Release */ = {
			isa = XCBuildConfiguration;
			buildSettings = {
				ALWAYS_EMBED_SWIFT_STANDARD_LIBRARIES = YES;
				BUNDLE_LOADER = "$(TEST_HOST)";
				CODE_SIGN_STYLE = Automatic;
				CURRENT_PROJECT_VERSION = 1;
				GENERATE_INFOPLIST_FILE = YES;
				IPHONEOS_DEPLOYMENT_TARGET = 17.5;
				MARKETING_VERSION = 1.0;
				PRODUCT_BUNDLE_IDENTIFIER = victorgabrielbarbosa.calculadoraTests;
				PRODUCT_NAME = "$(TARGET_NAME)";
				SWIFT_EMIT_LOC_STRINGS = NO;
				SWIFT_VERSION = 5.0;
				TARGETED_DEVICE_FAMILY = "1,2";
				TEST_HOST = "$(BUILT_PRODUCTS_DIR)/calculadora.app/$(BUNDLE_EXECUTABLE_FOLDER_PATH)/calculadora";
			};
			name = Release;
		};
		46DD7F632D5A209D00B58BA4 /* Debug */ = {
			isa = XCBuildConfiguration;
			buildSettings = {
				ALWAYS_EMBED_SWIFT_STANDARD_LIBRARIES = YES;
				CODE_SIGN_STYLE = Automatic;
				CURRENT_PROJECT_VERSION = 1;
				GENERATE_INFOPLIST_FILE = YES;
				MARKETING_VERSION = 1.0;
				PRODUCT_BUNDLE_IDENTIFIER = victorgabrielbarbosa.calculadoraUITests;
				PRODUCT_NAME = "$(TARGET_NAME)";
				SWIFT_EMIT_LOC_STRINGS = NO;
				SWIFT_VERSION = 5.0;
				TARGETED_DEVICE_FAMILY = "1,2";
				TEST_TARGET_NAME = calculadora;
			};
			name = Debug;
		};
		46DD7F642D5A209D00B58BA4 /* Release */ = {
			isa = XCBuildConfiguration;
			buildSettings = {
				ALWAYS_EMBED_SWIFT_STANDARD_LIBRARIES = YES;
				CODE_SIGN_STYLE = Automatic;
				CURRENT_PROJECT_VERSION = 1;
				GENERATE_INFOPLIST_FILE = YES;
				MARKETING_VERSION = 1.0;
				PRODUCT_BUNDLE_IDENTIFIER = victorgabrielbarbosa.calculadoraUITests;
				PRODUCT_NAME = "$(TARGET_NAME)";
				SWIFT_EMIT_LOC_STRINGS = NO;
				SWIFT_VERSION = 5.0;
				TARGETED_DEVICE_FAMILY = "1,2";
				TEST_TARGET_NAME = calculadora;
			};
			name = Release;
		};
/* End XCBuildConfiguration section */

/* Begin XCConfigurationList section */
		46DD7F332D5A209B00B58BA4 /* Build configuration list for PBXProject "calculadora" */ = {
			isa = XCConfigurationList;
			buildConfigurations = (
				46DD7F5A2D5A209D00B58BA4 /* Debug */,
				46DD7F5B2D5A209D00B58BA4 /* Release */,
			);
			defaultConfigurationIsVisible = 0;
			defaultConfigurationName = Release;
		};
		46DD7F5C2D5A209D00B58BA4 /* Build configuration list for PBXNativeTarget "calculadora" */ = {
			isa = XCConfigurationList;
			buildConfigurations = (
				46DD7F5D2D5A209D00B58BA4 /* Debug */,
				46DD7F5E2D5A209D00B58BA4 /* Release */,
			);
			defaultConfigurationIsVisible = 0;
			defaultConfigurationName = Release;
		};
		46DD7F5F2D5A209D00B58BA4 /* Build configuration list for PBXNativeTarget "calculadoraTests" */ = {
			isa = XCConfigurationList;
			buildConfigurations = (
				46DD7F602D5A209D00B58BA4 /* Debug */,
				46DD7F612D5A209D00B58BA4 /* Release */,
			);
			defaultConfigurationIsVisible = 0;
			defaultConfigurationName = Release;
		};
		46DD7F622D5A209D00B58BA4 /* Build configuration list for PBXNativeTarget "calculadoraUITests" */ = {
			isa = XCConfigurationList;
			buildConfigurations = (
				46DD7F632D5A209D00B58BA4 /* Debug */,
				46DD7F642D5A209D00B58BA4 /* Release */,
			);
			defaultConfigurationIsVisible = 0;
			defaultConfigurationName = Release;
		};
/* End XCConfigurationList section */
	};
	rootObject = 46DD7F302D5A209B00B58BA4 /* Project object */;
}
