// !$*UTF8*$!
{
	archiveVersion = 1;
	classes = {
	};
	objectVersion = 56;
	objects = {

/* Begin PBXBuildFile section */
		46D41C222D5B70DA00C3FB4C /* tabviewApp.swift in Sources */ = {isa = PBXBuildFile; fileRef = 46D41C212D5B70DA00C3FB4C /* tabviewApp.swift */; };
		46D41C242D5B70DA00C3FB4C /* ContentView.swift in Sources */ = {isa = PBXBuildFile; fileRef = 46D41C232D5B70DA00C3FB4C /* ContentView.swift */; };
		46D41C262D5B70DC00C3FB4C /* Assets.xcassets in Resources */ = {isa = PBXBuildFile; fileRef = 46D41C252D5B70DC00C3FB4C /* Assets.xcassets */; };
		46D41C292D5B70DC00C3FB4C /* Preview Assets.xcassets in Resources */ = {isa = PBXBuildFile; fileRef = 46D41C282D5B70DC00C3FB4C /* Preview Assets.xcassets */; };
		46D41C332D5B70DC00C3FB4C /* tabviewTests.swift in Sources */ = {isa = PBXBuildFile; fileRef = 46D41C322D5B70DC00C3FB4C /* tabviewTests.swift */; };
		46D41C3D2D5B70DC00C3FB4C /* tabviewUITests.swift in Sources */ = {isa = PBXBuildFile; fileRef = 46D41C3C2D5B70DC00C3FB4C /* tabviewUITests.swift */; };
		46D41C3F2D5B70DC00C3FB4C /* tabviewUITestsLaunchTests.swift in Sources */ = {isa = PBXBuildFile; fileRef = 46D41C3E2D5B70DC00C3FB4C /* tabviewUITestsLaunchTests.swift */; };
		46D41C4E2D5B737200C3FB4C /* PinkView.swift in Sources */ = {isa = PBXBuildFile; fileRef = 46D41C4D2D5B737200C3FB4C /* PinkView.swift */; };
		46D41C502D5B738000C3FB4C /* BlueView.swift in Sources */ = {isa = PBXBuildFile; fileRef = 46D41C4F2D5B738000C3FB4C /* BlueView.swift */; };
		46D41C522D5B739200C3FB4C /* GrayView.swift in Sources */ = {isa = PBXBuildFile; fileRef = 46D41C512D5B739200C3FB4C /* GrayView.swift */; };
		46D41C542D5B7AE800C3FB4C /* ListView.swift in Sources */ = {isa = PBXBuildFile; fileRef = 46D41C532D5B7AE800C3FB4C /* ListView.swift */; };
/* End PBXBuildFile section */

/* Begin PBXContainerItemProxy section */
		46D41C2F2D5B70DC00C3FB4C /* PBXContainerItemProxy */ = {
			isa = PBXContainerItemProxy;
			containerPortal = 46D41C162D5B70DA00C3FB4C /* Project object */;
			proxyType = 1;
			remoteGlobalIDString = 46D41C1D2D5B70DA00C3FB4C;
			remoteInfo = tabview;
		};
		46D41C392D5B70DC00C3FB4C /* PBXContainerItemProxy */ = {
			isa = PBXContainerItemProxy;
			containerPortal = 46D41C162D5B70DA00C3FB4C /* Project object */;
			proxyType = 1;
			remoteGlobalIDString = 46D41C1D2D5B70DA00C3FB4C;
			remoteInfo = tabview;
		};
/* End PBXContainerItemProxy section */

/* Begin PBXFileReference section */
		46D41C1E2D5B70DA00C3FB4C /* tabview.app */ = {isa = PBXFileReference; explicitFileType = wrapper.application; includeInIndex = 0; path = tabview.app; sourceTree = BUILT_PRODUCTS_DIR; };
		46D41C212D5B70DA00C3FB4C /* tabviewApp.swift */ = {isa = PBXFileReference; lastKnownFileType = sourcecode.swift; path = tabviewApp.swift; sourceTree = "<group>"; };
		46D41C232D5B70DA00C3FB4C /* ContentView.swift */ = {isa = PBXFileReference; lastKnownFileType = sourcecode.swift; path = ContentView.swift; sourceTree = "<group>"; };
		46D41C252D5B70DC00C3FB4C /* Assets.xcassets */ = {isa = PBXFileReference; lastKnownFileType = folder.assetcatalog; path = Assets.xcassets; sourceTree = "<group>"; };
		46D41C282D5B70DC00C3FB4C /* Preview Assets.xcassets */ = {isa = PBXFileReference; lastKnownFileType = folder.assetcatalog; path = "Preview Assets.xcassets"; sourceTree = "<group>"; };
		46D41C2E2D5B70DC00C3FB4C /* tabviewTests.xctest */ = {isa = PBXFileReference; explicitFileType = wrapper.cfbundle; includeInIndex = 0; path = tabviewTests.xctest; sourceTree = BUILT_PRODUCTS_DIR; };
		46D41C322D5B70DC00C3FB4C /* tabviewTests.swift */ = {isa = PBXFileReference; lastKnownFileType = sourcecode.swift; path = tabviewTests.swift; sourceTree = "<group>"; };
		46D41C382D5B70DC00C3FB4C /* tabviewUITests.xctest */ = {isa = PBXFileReference; explicitFileType = wrapper.cfbundle; includeInIndex = 0; path = tabviewUITests.xctest; sourceTree = BUILT_PRODUCTS_DIR; };
		46D41C3C2D5B70DC00C3FB4C /* tabviewUITests.swift */ = {isa = PBXFileReference; lastKnownFileType = sourcecode.swift; path = tabviewUITests.swift; sourceTree = "<group>"; };
		46D41C3E2D5B70DC00C3FB4C /* tabviewUITestsLaunchTests.swift */ = {isa = PBXFileReference; lastKnownFileType = sourcecode.swift; path = tabviewUITestsLaunchTests.swift; sourceTree = "<group>"; };
		46D41C4D2D5B737200C3FB4C /* PinkView.swift */ = {isa = PBXFileReference; lastKnownFileType = sourcecode.swift; path = PinkView.swift; sourceTree = "<group>"; };
		46D41C4F2D5B738000C3FB4C /* BlueView.swift */ = {isa = PBXFileReference; lastKnownFileType = sourcecode.swift; path = BlueView.swift; sourceTree = "<group>"; };
		46D41C512D5B739200C3FB4C /* GrayView.swift */ = {isa = PBXFileReference; lastKnownFileType = sourcecode.swift; path = GrayView.swift; sourceTree = "<group>"; };
		46D41C532D5B7AE800C3FB4C /* ListView.swift */ = {isa = PBXFileReference; lastKnownFileType = sourcecode.swift; path = ListView.swift; sourceTree = "<group>"; };
/* End PBXFileReference section */

/* Begin PBXFrameworksBuildPhase section */
		46D41C1B2D5B70DA00C3FB4C /* Frameworks */ = {
			isa = PBXFrameworksBuildPhase;
			buildActionMask = 2147483647;
			files = (
			);
			runOnlyForDeploymentPostprocessing = 0;
		};
		46D41C2B2D5B70DC00C3FB4C /* Frameworks */ = {
			isa = PBXFrameworksBuildPhase;
			buildActionMask = 2147483647;
			files = (
			);
			runOnlyForDeploymentPostprocessing = 0;
		};
		46D41C352D5B70DC00C3FB4C /* Frameworks */ = {
			isa = PBXFrameworksBuildPhase;
			buildActionMask = 2147483647;
			files = (
			);
			runOnlyForDeploymentPostprocessing = 0;
		};
/* End PBXFrameworksBuildPhase section */

/* Begin PBXGroup section */
		46D41C152D5B70DA00C3FB4C = {
			isa = PBXGroup;
			children = (
				46D41C202D5B70DA00C3FB4C /* tabview */,
				46D41C312D5B70DC00C3FB4C /* tabviewTests */,
				46D41C3B2D5B70DC00C3FB4C /* tabviewUITests */,
				46D41C1F2D5B70DA00C3FB4C /* Products */,
			);
			sourceTree = "<group>";
		};
		46D41C1F2D5B70DA00C3FB4C /* Products */ = {
			isa = PBXGroup;
			children = (
				46D41C1E2D5B70DA00C3FB4C /* tabview.app */,
				46D41C2E2D5B70DC00C3FB4C /* tabviewTests.xctest */,
				46D41C382D5B70DC00C3FB4C /* tabviewUITests.xctest */,
			);
			name = Products;
			sourceTree = "<group>";
		};
		46D41C202D5B70DA00C3FB4C /* tabview */ = {
			isa = PBXGroup;
			children = (
				46D41C212D5B70DA00C3FB4C /* tabviewApp.swift */,
				46D41C232D5B70DA00C3FB4C /* ContentView.swift */,
				46D41C532D5B7AE800C3FB4C /* ListView.swift */,
				46D41C4D2D5B737200C3FB4C /* PinkView.swift */,
				46D41C512D5B739200C3FB4C /* GrayView.swift */,
				46D41C4F2D5B738000C3FB4C /* BlueView.swift */,
				46D41C252D5B70DC00C3FB4C /* Assets.xcassets */,
				46D41C272D5B70DC00C3FB4C /* Preview Content */,
			);
			path = tabview;
			sourceTree = "<group>";
		};
		46D41C272D5B70DC00C3FB4C /* Preview Content */ = {
			isa = PBXGroup;
			children = (
				46D41C282D5B70DC00C3FB4C /* Preview Assets.xcassets */,
			);
			path = "Preview Content";
			sourceTree = "<group>";
		};
		46D41C312D5B70DC00C3FB4C /* tabviewTests */ = {
			isa = PBXGroup;
			children = (
				46D41C322D5B70DC00C3FB4C /* tabviewTests.swift */,
			);
			path = tabviewTests;
			sourceTree = "<group>";
		};
		46D41C3B2D5B70DC00C3FB4C /* tabviewUITests */ = {
			isa = PBXGroup;
			children = (
				46D41C3C2D5B70DC00C3FB4C /* tabviewUITests.swift */,
				46D41C3E2D5B70DC00C3FB4C /* tabviewUITestsLaunchTests.swift */,
			);
			path = tabviewUITests;
			sourceTree = "<group>";
		};
/* End PBXGroup section */

/* Begin PBXNativeTarget section */
		46D41C1D2D5B70DA00C3FB4C /* tabview */ = {
			isa = PBXNativeTarget;
			buildConfigurationList = 46D41C422D5B70DC00C3FB4C /* Build configuration list for PBXNativeTarget "tabview" */;
			buildPhases = (
				46D41C1A2D5B70DA00C3FB4C /* Sources */,
				46D41C1B2D5B70DA00C3FB4C /* Frameworks */,
				46D41C1C2D5B70DA00C3FB4C /* Resources */,
			);
			buildRules = (
			);
			dependencies = (
			);
			name = tabview;
			productName = tabview;
			productReference = 46D41C1E2D5B70DA00C3FB4C /* tabview.app */;
			productType = "com.apple.product-type.application";
		};
		46D41C2D2D5B70DC00C3FB4C /* tabviewTests */ = {
			isa = PBXNativeTarget;
			buildConfigurationList = 46D41C452D5B70DC00C3FB4C /* Build configuration list for PBXNativeTarget "tabviewTests" */;
			buildPhases = (
				46D41C2A2D5B70DC00C3FB4C /* Sources */,
				46D41C2B2D5B70DC00C3FB4C /* Frameworks */,
				46D41C2C2D5B70DC00C3FB4C /* Resources */,
			);
			buildRules = (
			);
			dependencies = (
				46D41C302D5B70DC00C3FB4C /* PBXTargetDependency */,
			);
			name = tabviewTests;
			productName = tabviewTests;
			productReference = 46D41C2E2D5B70DC00C3FB4C /* tabviewTests.xctest */;
			productType = "com.apple.product-type.bundle.unit-test";
		};
		46D41C372D5B70DC00C3FB4C /* tabviewUITests */ = {
			isa = PBXNativeTarget;
			buildConfigurationList = 46D41C482D5B70DC00C3FB4C /* Build configuration list for PBXNativeTarget "tabviewUITests" */;
			buildPhases = (
				46D41C342D5B70DC00C3FB4C /* Sources */,
				46D41C352D5B70DC00C3FB4C /* Frameworks */,
				46D41C362D5B70DC00C3FB4C /* Resources */,
			);
			buildRules = (
			);
			dependencies = (
				46D41C3A2D5B70DC00C3FB4C /* PBXTargetDependency */,
			);
			name = tabviewUITests;
			productName = tabviewUITests;
			productReference = 46D41C382D5B70DC00C3FB4C /* tabviewUITests.xctest */;
			productType = "com.apple.product-type.bundle.ui-testing";
		};
/* End PBXNativeTarget section */

/* Begin PBXProject section */
		46D41C162D5B70DA00C3FB4C /* Project object */ = {
			isa = PBXProject;
			attributes = {
				BuildIndependentTargetsInParallel = 1;
				LastSwiftUpdateCheck = 1540;
				LastUpgradeCheck = 1540;
				TargetAttributes = {
					46D41C1D2D5B70DA00C3FB4C = {
						CreatedOnToolsVersion = 15.4;
					};
					46D41C2D2D5B70DC00C3FB4C = {
						CreatedOnToolsVersion = 15.4;
						TestTargetID = 46D41C1D2D5B70DA00C3FB4C;
					};
					46D41C372D5B70DC00C3FB4C = {
						CreatedOnToolsVersion = 15.4;
						TestTargetID = 46D41C1D2D5B70DA00C3FB4C;
					};
				};
			};
			buildConfigurationList = 46D41C192D5B70DA00C3FB4C /* Build configuration list for PBXProject "tabview" */;
			compatibilityVersion = "Xcode 14.0";
			developmentRegion = en;
			hasScannedForEncodings = 0;
			knownRegions = (
				en,
				Base,
			);
			mainGroup = 46D41C152D5B70DA00C3FB4C;
			productRefGroup = 46D41C1F2D5B70DA00C3FB4C /* Products */;
			projectDirPath = "";
			projectRoot = "";
			targets = (
				46D41C1D2D5B70DA00C3FB4C /* tabview */,
				46D41C2D2D5B70DC00C3FB4C /* tabviewTests */,
				46D41C372D5B70DC00C3FB4C /* tabviewUITests */,
			);
		};
/* End PBXProject section */

/* Begin PBXResourcesBuildPhase section */
		46D41C1C2D5B70DA00C3FB4C /* Resources */ = {
			isa = PBXResourcesBuildPhase;
			buildActionMask = 2147483647;
			files = (
				46D41C292D5B70DC00C3FB4C /* Preview Assets.xcassets in Resources */,
				46D41C262D5B70DC00C3FB4C /* Assets.xcassets in Resources */,
			);
			runOnlyForDeploymentPostprocessing = 0;
		};
		46D41C2C2D5B70DC00C3FB4C /* Resources */ = {
			isa = PBXResourcesBuildPhase;
			buildActionMask = 2147483647;
			files = (
			);
			runOnlyForDeploymentPostprocessing = 0;
		};
		46D41C362D5B70DC00C3FB4C /* Resources */ = {
			isa = PBXResourcesBuildPhase;
			buildActionMask = 2147483647;
			files = (
			);
			runOnlyForDeploymentPostprocessing = 0;
		};
/* End PBXResourcesBuildPhase section */

/* Begin PBXSourcesBuildPhase section */
		46D41C1A2D5B70DA00C3FB4C /* Sources */ = {
			isa = PBXSourcesBuildPhase;
			buildActionMask = 2147483647;
			files = (
				46D41C502D5B738000C3FB4C /* BlueView.swift in Sources */,
				46D41C4E2D5B737200C3FB4C /* PinkView.swift in Sources */,
				46D41C542D5B7AE800C3FB4C /* ListView.swift in Sources */,
				46D41C242D5B70DA00C3FB4C /* ContentView.swift in Sources */,
				46D41C522D5B739200C3FB4C /* GrayView.swift in Sources */,
				46D41C222D5B70DA00C3FB4C /* tabviewApp.swift in Sources */,
			);
			runOnlyForDeploymentPostprocessing = 0;
		};
		46D41C2A2D5B70DC00C3FB4C /* Sources */ = {
			isa = PBXSourcesBuildPhase;
			buildActionMask = 2147483647;
			files = (
				46D41C332D5B70DC00C3FB4C /* tabviewTests.swift in Sources */,
			);
			runOnlyForDeploymentPostprocessing = 0;
		};
		46D41C342D5B70DC00C3FB4C /* Sources */ = {
			isa = PBXSourcesBuildPhase;
			buildActionMask = 2147483647;
			files = (
				46D41C3D2D5B70DC00C3FB4C /* tabviewUITests.swift in Sources */,
				46D41C3F2D5B70DC00C3FB4C /* tabviewUITestsLaunchTests.swift in Sources */,
			);
			runOnlyForDeploymentPostprocessing = 0;
		};
/* End PBXSourcesBuildPhase section */

/* Begin PBXTargetDependency section */
		46D41C302D5B70DC00C3FB4C /* PBXTargetDependency */ = {
			isa = PBXTargetDependency;
			target = 46D41C1D2D5B70DA00C3FB4C /* tabview */;
			targetProxy = 46D41C2F2D5B70DC00C3FB4C /* PBXContainerItemProxy */;
		};
		46D41C3A2D5B70DC00C3FB4C /* PBXTargetDependency */ = {
			isa = PBXTargetDependency;
			target = 46D41C1D2D5B70DA00C3FB4C /* tabview */;
			targetProxy = 46D41C392D5B70DC00C3FB4C /* PBXContainerItemProxy */;
		};
/* End PBXTargetDependency section */

/* Begin XCBuildConfiguration section */
		46D41C402D5B70DC00C3FB4C /* Debug */ = {
			isa = XCBuildConfiguration;
			buildSettings = {
				ALWAYS_SEARCH_USER_PATHS = NO;
				ASSETCATALOG_COMPILER_GENERATE_SWIFT_ASSET_SYMBOL_EXTENSIONS = YES;
				CLANG_ANALYZER_NONNULL = YES;
				CLANG_ANALYZER_NUMBER_OBJECT_CONVERSION = YES_AGGRESSIVE;
				CLANG_CXX_LANGUAGE_STANDARD = "gnu++20";
				CLANG_ENABLE_MODULES = YES;
				CLANG_ENABLE_OBJC_ARC = YES;
				CLANG_ENABLE_OBJC_WEAK = YES;
				CLANG_WARN_BLOCK_CAPTURE_AUTORELEASING = YES;
				CLANG_WARN_BOOL_CONVERSION = YES;
				CLANG_WARN_COMMA = YES;
				CLANG_WARN_CONSTANT_CONVERSION = YES;
				CLANG_WARN_DEPRECATED_OBJC_IMPLEMENTATIONS = YES;
				CLANG_WARN_DIRECT_OBJC_ISA_USAGE = YES_ERROR;
				CLANG_WARN_DOCUMENTATION_COMMENTS = YES;
				CLANG_WARN_EMPTY_BODY = YES;
				CLANG_WARN_ENUM_CONVERSION = YES;
				CLANG_WARN_INFINITE_RECURSION = YES;
				CLANG_WARN_INT_CONVERSION = YES;
				CLANG_WARN_NON_LITERAL_NULL_CONVERSION = YES;
				CLANG_WARN_OBJC_IMPLICIT_RETAIN_SELF = YES;
				CLANG_WARN_OBJC_LITERAL_CONVERSION = YES;
				CLANG_WARN_OBJC_ROOT_CLASS = YES_ERROR;
				CLANG_WARN_QUOTED_INCLUDE_IN_FRAMEWORK_HEADER = YES;
				CLANG_WARN_RANGE_LOOP_ANALYSIS = YES;
				CLANG_WARN_STRICT_PROTOTYPES = YES;
				CLANG_WARN_SUSPICIOUS_MOVE = YES;
				CLANG_WARN_UNGUARDED_AVAILABILITY = YES_AGGRESSIVE;
				CLANG_WARN_UNREACHABLE_CODE = YES;
				CLANG_WARN__DUPLICATE_METHOD_MATCH = YES;
				COPY_PHASE_STRIP = NO;
				DEBUG_INFORMATION_FORMAT = dwarf;
				ENABLE_STRICT_OBJC_MSGSEND = YES;
				ENABLE_TESTABILITY = YES;
				ENABLE_USER_SCRIPT_SANDBOXING = YES;
				GCC_C_LANGUAGE_STANDARD = gnu17;
				GCC_DYNAMIC_NO_PIC = NO;
				GCC_NO_COMMON_BLOCKS = YES;
				GCC_OPTIMIZATION_LEVEL = 0;
				GCC_PREPROCESSOR_DEFINITIONS = (
					"DEBUG=1",
					"$(inherited)",
				);
				GCC_WARN_64_TO_32_BIT_CONVERSION = YES;
				GCC_WARN_ABOUT_RETURN_TYPE = YES_ERROR;
				GCC_WARN_UNDECLARED_SELECTOR = YES;
				GCC_WARN_UNINITIALIZED_AUTOS = YES_AGGRESSIVE;
				GCC_WARN_UNUSED_FUNCTION = YES;
				GCC_WARN_UNUSED_VARIABLE = YES;
				IPHONEOS_DEPLOYMENT_TARGET = 17.5;
				LOCALIZATION_PREFERS_STRING_CATALOGS = YES;
				MTL_ENABLE_DEBUG_INFO = INCLUDE_SOURCE;
				MTL_FAST_MATH = YES;
				ONLY_ACTIVE_ARCH = YES;
				SDKROOT = iphoneos;
				SWIFT_ACTIVE_COMPILATION_CONDITIONS = "DEBUG $(inherited)";
				SWIFT_OPTIMIZATION_LEVEL = "-Onone";
			};
			name = Debug;
		};
		46D41C412D5B70DC00C3FB4C /* Release */ = {
			isa = XCBuildConfiguration;
			buildSettings = {
				ALWAYS_SEARCH_USER_PATHS = NO;
				ASSETCATALOG_COMPILER_GENERATE_SWIFT_ASSET_SYMBOL_EXTENSIONS = YES;
				CLANG_ANALYZER_NONNULL = YES;
				CLANG_ANALYZER_NUMBER_OBJECT_CONVERSION = YES_AGGRESSIVE;
				CLANG_CXX_LANGUAGE_STANDARD = "gnu++20";
				CLANG_ENABLE_MODULES = YES;
				CLANG_ENABLE_OBJC_ARC = YES;
				CLANG_ENABLE_OBJC_WEAK = YES;
				CLANG_WARN_BLOCK_CAPTURE_AUTORELEASING = YES;
				CLANG_WARN_BOOL_CONVERSION = YES;
				CLANG_WARN_COMMA = YES;
				CLANG_WARN_CONSTANT_CONVERSION = YES;
				CLANG_WARN_DEPRECATED_OBJC_IMPLEMENTATIONS = YES;
				CLANG_WARN_DIRECT_OBJC_ISA_USAGE = YES_ERROR;
				CLANG_WARN_DOCUMENTATION_COMMENTS = YES;
				CLANG_WARN_EMPTY_BODY = YES;
				CLANG_WARN_ENUM_CONVERSION = YES;
				CLANG_WARN_INFINITE_RECURSION = YES;
				CLANG_WARN_INT_CONVERSION = YES;
				CLANG_WARN_NON_LITERAL_NULL_CONVERSION = YES;
				CLANG_WARN_OBJC_IMPLICIT_RETAIN_SELF = YES;
				CLANG_WARN_OBJC_LITERAL_CONVERSION = YES;
				CLANG_WARN_OBJC_ROOT_CLASS = YES_ERROR;
				CLANG_WARN_QUOTED_INCLUDE_IN_FRAMEWORK_HEADER = YES;
				CLANG_WARN_RANGE_LOOP_ANALYSIS = YES;
				CLANG_WARN_STRICT_PROTOTYPES = YES;
				CLANG_WARN_SUSPICIOUS_MOVE = YES;
				CLANG_WARN_UNGUARDED_AVAILABILITY = YES_AGGRESSIVE;
				CLANG_WARN_UNREACHABLE_CODE = YES;
				CLANG_WARN__DUPLICATE_METHOD_MATCH = YES;
				COPY_PHASE_STRIP = NO;
				DEBUG_INFORMATION_FORMAT = "dwarf-with-dsym";
				ENABLE_NS_ASSERTIONS = NO;
				ENABLE_STRICT_OBJC_MSGSEND = YES;
				ENABLE_USER_SCRIPT_SANDBOXING = YES;
				GCC_C_LANGUAGE_STANDARD = gnu17;
				GCC_NO_COMMON_BLOCKS = YES;
				GCC_WARN_64_TO_32_BIT_CONVERSION = YES;
				GCC_WARN_ABOUT_RETURN_TYPE = YES_ERROR;
				GCC_WARN_UNDECLARED_SELECTOR = YES;
				GCC_WARN_UNINITIALIZED_AUTOS = YES_AGGRESSIVE;
				GCC_WARN_UNUSED_FUNCTION = YES;
				GCC_WARN_UNUSED_VARIABLE = YES;
				IPHONEOS_DEPLOYMENT_TARGET = 17.5;
				LOCALIZATION_PREFERS_STRING_CATALOGS = YES;
				MTL_ENABLE_DEBUG_INFO = NO;
				MTL_FAST_MATH = YES;
				SDKROOT = iphoneos;
				SWIFT_COMPILATION_MODE = wholemodule;
				VALIDATE_PRODUCT = YES;
			};
			name = Release;
		};
		46D41C432D5B70DC00C3FB4C /* Debug */ = {
			isa = XCBuildConfiguration;
			buildSettings = {
				ASSETCATALOG_COMPILER_APPICON_NAME = AppIcon;
				ASSETCATALOG_COMPILER_GLOBAL_ACCENT_COLOR_NAME = AccentColor;
				CODE_SIGN_STYLE = Automatic;
				CURRENT_PROJECT_VERSION = 1;
				DEVELOPMENT_ASSET_PATHS = "\"tabview/Preview Content\"";
				ENABLE_PREVIEWS = YES;
				GENERATE_INFOPLIST_FILE = YES;
				INFOPLIST_KEY_UIApplicationSceneManifest_Generation = YES;
				INFOPLIST_KEY_UIApplicationSupportsIndirectInputEvents = YES;
				INFOPLIST_KEY_UILaunchScreen_Generation = YES;
				INFOPLIST_KEY_UISupportedInterfaceOrientations_iPad = "UIInterfaceOrientationPortrait UIInterfaceOrientationPortraitUpsideDown UIInterfaceOrientationLandscapeLeft UIInterfaceOrientationLandscapeRight";
				INFOPLIST_KEY_UISupportedInterfaceOrientations_iPhone = "UIInterfaceOrientationPortrait UIInterfaceOrientationLandscapeLeft UIInterfaceOrientationLandscapeRight";
				LD_RUNPATH_SEARCH_PATHS = (
					"$(inherited)",
					"@executable_path/Frameworks",
				);
				MARKETING_VERSION = 1.0;
				PRODUCT_BUNDLE_IDENTIFIER = victorgabrielbarbosa.tabview;
				PRODUCT_NAME = "$(TARGET_NAME)";
				SWIFT_EMIT_LOC_STRINGS = YES;
				SWIFT_VERSION = 5.0;
				TARGETED_DEVICE_FAMILY = "1,2";
			};
			name = Debug;
		};
		46D41C442D5B70DC00C3FB4C /* Release */ = {
			isa = XCBuildConfiguration;
			buildSettings = {
				ASSETCATALOG_COMPILER_APPICON_NAME = AppIcon;
				ASSETCATALOG_COMPILER_GLOBAL_ACCENT_COLOR_NAME = AccentColor;
				CODE_SIGN_STYLE = Automatic;
				CURRENT_PROJECT_VERSION = 1;
				DEVELOPMENT_ASSET_PATHS = "\"tabview/Preview Content\"";
				ENABLE_PREVIEWS = YES;
				GENERATE_INFOPLIST_FILE = YES;
				INFOPLIST_KEY_UIApplicationSceneManifest_Generation = YES;
				INFOPLIST_KEY_UIApplicationSupportsIndirectInputEvents = YES;
				INFOPLIST_KEY_UILaunchScreen_Generation = YES;
				INFOPLIST_KEY_UISupportedInterfaceOrientations_iPad = "UIInterfaceOrientationPortrait UIInterfaceOrientationPortraitUpsideDown UIInterfaceOrientationLandscapeLeft UIInterfaceOrientationLandscapeRight";
				INFOPLIST_KEY_UISupportedInterfaceOrientations_iPhone = "UIInterfaceOrientationPortrait UIInterfaceOrientationLandscapeLeft UIInterfaceOrientationLandscapeRight";
				LD_RUNPATH_SEARCH_PATHS = (
					"$(inherited)",
					"@executable_path/Frameworks",
				);
				MARKETING_VERSION = 1.0;
				PRODUCT_BUNDLE_IDENTIFIER = victorgabrielbarbosa.tabview;
				PRODUCT_NAME = "$(TARGET_NAME)";
				SWIFT_EMIT_LOC_STRINGS = YES;
				SWIFT_VERSION = 5.0;
				TARGETED_DEVICE_FAMILY = "1,2";
			};
			name = Release;
		};
		46D41C462D5B70DC00C3FB4C /* Debug */ = {
			isa = XCBuildConfiguration;
			buildSettings = {
				ALWAYS_EMBED_SWIFT_STANDARD_LIBRARIES = YES;
				BUNDLE_LOADER = "$(TEST_HOST)";
				CODE_SIGN_STYLE = Automatic;
				CURRENT_PROJECT_VERSION = 1;
				GENERATE_INFOPLIST_FILE = YES;
				IPHONEOS_DEPLOYMENT_TARGET = 17.5;
				MARKETING_VERSION = 1.0;
				PRODUCT_BUNDLE_IDENTIFIER = victorgabrielbarbosa.tabviewTests;
				PRODUCT_NAME = "$(TARGET_NAME)";
				SWIFT_EMIT_LOC_STRINGS = NO;
				SWIFT_VERSION = 5.0;
				TARGETED_DEVICE_FAMILY = "1,2";
				TEST_HOST = "$(BUILT_PRODUCTS_DIR)/tabview.app/$(BUNDLE_EXECUTABLE_FOLDER_PATH)/tabview";
			};
			name = Debug;
		};
		46D41C472D5B70DC00C3FB4C /* Release */ = {
			isa = XCBuildConfiguration;
			buildSettings = {
				ALWAYS_EMBED_SWIFT_STANDARD_LIBRARIES = YES;
				BUNDLE_LOADER = "$(TEST_HOST)";
				CODE_SIGN_STYLE = Automatic;
				CURRENT_PROJECT_VERSION = 1;
				GENERATE_INFOPLIST_FILE = YES;
				IPHONEOS_DEPLOYMENT_TARGET = 17.5;
				MARKETING_VERSION = 1.0;
				PRODUCT_BUNDLE_IDENTIFIER = victorgabrielbarbosa.tabviewTests;
				PRODUCT_NAME = "$(TARGET_NAME)";
				SWIFT_EMIT_LOC_STRINGS = NO;
				SWIFT_VERSION = 5.0;
				TARGETED_DEVICE_FAMILY = "1,2";
				TEST_HOST = "$(BUILT_PRODUCTS_DIR)/tabview.app/$(BUNDLE_EXECUTABLE_FOLDER_PATH)/tabview";
			};
			name = Release;
		};
		46D41C492D5B70DC00C3FB4C /* Debug */ = {
			isa = XCBuildConfiguration;
			buildSettings = {
				ALWAYS_EMBED_SWIFT_STANDARD_LIBRARIES = YES;
				CODE_SIGN_STYLE = Automatic;
				CURRENT_PROJECT_VERSION = 1;
				GENERATE_INFOPLIST_FILE = YES;
				MARKETING_VERSION = 1.0;
				PRODUCT_BUNDLE_IDENTIFIER = victorgabrielbarbosa.tabviewUITests;
				PRODUCT_NAME = "$(TARGET_NAME)";
				SWIFT_EMIT_LOC_STRINGS = NO;
				SWIFT_VERSION = 5.0;
				TARGETED_DEVICE_FAMILY = "1,2";
				TEST_TARGET_NAME = tabview;
			};
			name = Debug;
		};
		46D41C4A2D5B70DC00C3FB4C /* Release */ = {
			isa = XCBuildConfiguration;
			buildSettings = {
				ALWAYS_EMBED_SWIFT_STANDARD_LIBRARIES = YES;
				CODE_SIGN_STYLE = Automatic;
				CURRENT_PROJECT_VERSION = 1;
				GENERATE_INFOPLIST_FILE = YES;
				MARKETING_VERSION = 1.0;
				PRODUCT_BUNDLE_IDENTIFIER = victorgabrielbarbosa.tabviewUITests;
				PRODUCT_NAME = "$(TARGET_NAME)";
				SWIFT_EMIT_LOC_STRINGS = NO;
				SWIFT_VERSION = 5.0;
				TARGETED_DEVICE_FAMILY = "1,2";
				TEST_TARGET_NAME = tabview;
			};
			name = Release;
		};
/* End XCBuildConfiguration section */

/* Begin XCConfigurationList section */
		46D41C192D5B70DA00C3FB4C /* Build configuration list for PBXProject "tabview" */ = {
			isa = XCConfigurationList;
			buildConfigurations = (
				46D41C402D5B70DC00C3FB4C /* Debug */,
				46D41C412D5B70DC00C3FB4C /* Release */,
			);
			defaultConfigurationIsVisible = 0;
			defaultConfigurationName = Release;
		};
		46D41C422D5B70DC00C3FB4C /* Build configuration list for PBXNativeTarget "tabview" */ = {
			isa = XCConfigurationList;
			buildConfigurations = (
				46D41C432D5B70DC00C3FB4C /* Debug */,
				46D41C442D5B70DC00C3FB4C /* Release */,
			);
			defaultConfigurationIsVisible = 0;
			defaultConfigurationName = Release;
		};
		46D41C452D5B70DC00C3FB4C /* Build configuration list for PBXNativeTarget "tabviewTests" */ = {
			isa = XCConfigurationList;
			buildConfigurations = (
				46D41C462D5B70DC00C3FB4C /* Debug */,
				46D41C472D5B70DC00C3FB4C /* Release */,
			);
			defaultConfigurationIsVisible = 0;
			defaultConfigurationName = Release;
		};
		46D41C482D5B70DC00C3FB4C /* Build configuration list for PBXNativeTarget "tabviewUITests" */ = {
			isa = XCConfigurationList;
			buildConfigurations = (
				46D41C492D5B70DC00C3FB4C /* Debug */,
				46D41C4A2D5B70DC00C3FB4C /* Release */,
			);
			defaultConfigurationIsVisible = 0;
			defaultConfigurationName = Release;
		};
/* End XCConfigurationList section */
	};
	rootObject = 46D41C162D5B70DA00C3FB4C /* Project object */;
}
